{
  "version": 4,
  "terraform_version": "1.14.6",
  "serial": 161,
  "lineage": "eb43497e-01bc-c581-9cb9-f07612e716f0",
  "outputs": {
    "api_url": {
      "value": "https://k7gzfb23ch.execute-api.eu-west-1.amazonaws.com/telemetry",
      "type": "string"
    },
    "athena_workgroup": {
      "value": "ev-fleet-workgroup",
      "type": "string"
    },
    "dynamodb_table": {
      "value": "ev-fleet-fleet-state",
      "type": "string"
    },
    "glue_database": {
      "value": "ev-fleet-database",
      "type": "string"
    },
    "gold_aggregator_function": {
      "value": "ev-fleet-gold-aggregator",
      "type": "string"
    },
    "my_buckets": {
      "value": [
        "ev-fleet-bronze-00cc42d3",
        "ev-fleet-silver-00cc42d3"
      ],
      "type": [
        "tuple",
        [
          "string",
          "string"
        ]
      ]
    },
    "optimizer_function": {
      "value": "ev-fleet-optimizer",
      "type": "string"
    },
    "sqs_dlq_url": {
      "value": "https://sqs.eu-west-1.amazonaws.com/202564564111/ev-fleet-telemetry-dlq",
      "type": "string"
    },
    "sqs_queue_url": {
      "value": "https://sqs.eu-west-1.amazonaws.com/202564564111/ev-fleet-telemetry-queue",
      "type": "string"
    }
  },
  "resources": [
    {
      "mode": "managed",
      "type": "aws_apigatewayv2_api",
      "name": "telemetry_api",
      "provider": "provider[\"registry.terraform.io/hashicorp/aws\"]",
      "instances": [
        {
          "schema_version": 0,
          "attributes": {
            "api_endpoint": "https://k7gzfb23ch.execute-api.eu-west-1.amazonaws.com",
            "api_key_selection_expression": "$request.header.x-api-key",
            "arn": "arn:aws:apigateway:eu-west-1::/apis/k7gzfb23ch",
            "body": null,
            "cors_configuration": [],
            "credentials_arn": null,
            "description": "",
            "disable_execute_api_endpoint": false,
            "execution_arn": "arn:aws:execute-api:eu-west-1:202564564111:k7gzfb23ch",
            "fail_on_warnings": null,
            "id": "k7gzfb23ch",
            "ip_address_type": "ipv4",
            "name": "ev-fleet-telemetry-api",
            "protocol_type": "HTTP",
            "region": "eu-west-1",
            "route_key": null,
            "route_selection_expression": "$request.method $request.path",
            "tags": {},
            "tags_all": {},
            "target": null,
            "version": ""
          },
          "sensitive_attributes": [],
          "identity_schema_version": 0,
          "private": "bnVsbA=="
        }
      ]
    },
    {
      "mode": "managed",
      "type": "aws_apigatewayv2_integration",
      "name": "lambda_integration",
      "provider": "provider[\"registry.terraform.io/hashicorp/aws\"]",
      "instances": [
        {
          "schema_version": 0,
          "attributes": {
            "api_id": "k7gzfb23ch",
            "connection_id": "",
            "connection_type": "INTERNET",
            "content_handling_strategy": "",
            "credentials_arn": "",
            "description": "",
            "id": "zjod84k",
            "integration_method": "POST",
            "integration_response_selection_expression": "",
            "integration_subtype": "",
            "integration_type": "AWS_PROXY",
            "integration_uri": "arn:aws:apigateway:eu-west-1:lambda:path/2015-03-31/functions/arn:aws:lambda:eu-west-1:202564564111:function:ev-fleet-ingestor/invocations",
            "passthrough_behavior": "",
            "payload_format_version": "1.0",
            "region": "eu-west-1",
            "request_parameters": {},
            "request_templates": {},
            "response_parameters": [],
            "template_selection_expression": "",
            "timeout_milliseconds": 30000,
            "tls_config": []
          },
          "sensitive_attributes": [],
          "identity_schema_version": 0,
          "private": "bnVsbA==",
          "dependencies": [
            "aws_apigatewayv2_api.telemetry_api",
            "aws_iam_role.lambda_role",
            "aws_lambda_function.ingestor",
            "module.my_lakehouse.aws_s3_bucket.medallion_layers"
          ]
        }
      ]
    },
    {
      "mode": "managed",
      "type": "aws_apigatewayv2_route",
      "name": "post_telemetry",
      "provider": "provider[\"registry.terraform.io/hashicorp/aws\"]",
      "instances": [
        {
          "schema_version": 0,
          "attributes": {
            "api_id": "k7gzfb23ch",
            "api_key_required": false,
            "authorization_scopes": [],
            "authorization_type": "NONE",
            "authorizer_id": "",
            "id": "4et2noe",
            "model_selection_expression": "",
            "operation_name": "",
            "region": "eu-west-1",
            "request_models": {},
            "request_parameter": [],
            "route_key": "POST /telemetry",
            "route_response_selection_expression": "",
            "target": "integrations/zjod84k"
          },
          "sensitive_attributes": [],
          "identity_schema_version": 0,
          "private": "bnVsbA==",
          "dependencies": [
            "aws_apigatewayv2_api.telemetry_api",
            "aws_apigatewayv2_integration.lambda_integration",
            "aws_iam_role.lambda_role",
            "aws_lambda_function.ingestor",
            "module.my_lakehouse.aws_s3_bucket.medallion_layers"
          ]
        }
      ]
    },
    {
      "mode": "managed",
      "type": "aws_apigatewayv2_stage",
      "name": "default",
      "provider": "provider[\"registry.terraform.io/hashicorp/aws\"]",
      "instances": [
        {
          "schema_version": 0,
          "attributes": {
            "access_log_settings": [],
            "api_id": "k7gzfb23ch",
            "arn": "arn:aws:apigateway:eu-west-1::/apis/k7gzfb23ch/stages/$default",
            "auto_deploy": true,
            "client_certificate_id": "",
            "default_route_settings": [
              {
                "data_trace_enabled": false,
                "detailed_metrics_enabled": false,
                "logging_level": "",
                "throttling_burst_limit": 0,
                "throttling_rate_limit": 0
              }
            ],
            "deployment_id": "7lio1b",
            "description": "",
            "execution_arn": "arn:aws:execute-api:eu-west-1:202564564111:k7gzfb23ch/$default",
            "id": "$default",
            "invoke_url": "https://k7gzfb23ch.execute-api.eu-west-1.amazonaws.com/",
            "name": "$default",
            "region": "eu-west-1",
            "route_settings": [],
            "stage_variables": {},
            "tags": {},
            "tags_all": {}
          },
          "sensitive_attributes": [],
          "identity_schema_version": 0,
          "private": "bnVsbA==",
          "dependencies": [
            "aws_apigatewayv2_api.telemetry_api"
          ]
        }
      ]
    },
    {
      "mode": "managed",
      "type": "aws_athena_workgroup",
      "name": "ev_fleet",
      "provider": "provider[\"registry.terraform.io/hashicorp/aws\"]",
      "instances": [
        {
          "schema_version": 0,
          "attributes": {
            "arn": "arn:aws:athena:eu-west-1:202564564111:workgroup/ev-fleet-optimizer-workgroup",
            "configuration": [
              {
                "bytes_scanned_cutoff_per_query": 0,
                "customer_content_encryption_configuration": [],
                "enable_minimum_encryption_configuration": false,
                "enforce_workgroup_configuration": true,
                "engine_version": [
                  {
                    "effective_engine_version": "Athena engine version 3",
                    "selected_engine_version": "AUTO"
                  }
                ],
                "execution_role": "",
                "identity_center_configuration": [],
                "managed_query_results_configuration": [],
                "monitoring_configuration": [],
                "publish_cloudwatch_metrics_enabled": true,
                "query_results_s3_access_grants_configuration": [],
                "requester_pays_enabled": false,
                "result_configuration": [
                  {
                    "acl_configuration": [],
                    "encryption_configuration": [],
                    "expected_bucket_owner": "",
                    "output_location": "s3://ev-fleet-optimizer-athena-results-00cc42d3/results/"
                  }
                ]
              }
            ],
            "description": "EV Fleet query workgroup",
            "force_destroy": false,
            "id": "ev-fleet-optimizer-workgroup",
            "name": "ev-fleet-optimizer-workgroup",
            "region": "eu-west-1",
            "state": "ENABLED",
            "tags": {},
            "tags_all": {}
          },
          "sensitive_attributes": [],
          "identity_schema_version": 0,
          "private": "bnVsbA==",
          "dependencies": [
            "aws_s3_bucket.athena_results"
          ]
        }
      ]
    },
    {
      "mode": "managed",
      "type": "aws_cloudwatch_event_rule",
      "name": "gold_schedule",
      "provider": "provider[\"registry.terraform.io/hashicorp/aws\"]",
      "instances": [
        {
          "schema_version": 1,
          "attributes": {
            "arn": "arn:aws:events:eu-west-1:202564564111:rule/ev-fleet-gold-schedule",
            "description": "Trigger Gold aggregation every 5 minutes",
            "event_bus_name": "default",
            "event_pattern": null,
            "force_destroy": false,
            "id": "ev-fleet-gold-schedule",
            "is_enabled": true,
            "name": "ev-fleet-gold-schedule",
            "name_prefix": "",
            "region": "eu-west-1",
            "role_arn": "",
            "schedule_expression": "rate(5 minutes)",
            "state": "ENABLED",
            "tags": {},
            "tags_all": {}
          },
          "sensitive_attributes": [],
          "identity_schema_version": 0,
          "identity": {
            "account_id": "202564564111",
            "name": "ev-fleet-gold-schedule",
            "region": "eu-west-1"
          },
          "private": "eyJzY2hlbWFfdmVyc2lvbiI6IjEifQ=="
        }
      ]
    },
    {
      "mode": "managed",
      "type": "aws_cloudwatch_event_rule",
      "name": "optimizer_schedule",
      "provider": "provider[\"registry.terraform.io/hashicorp/aws\"]",
      "instances": [
        {
          "schema_version": 1,
          "attributes": {
            "arn": "arn:aws:events:eu-west-1:202564564111:rule/ev-fleet-optimizer-schedule",
            "description": "Trigger optimizer every 5 minutes",
            "event_bus_name": "default",
            "event_pattern": null,
            "force_destroy": false,
            "id": "ev-fleet-optimizer-schedule",
            "is_enabled": true,
            "name": "ev-fleet-optimizer-schedule",
            "name_prefix": "",
            "region": "eu-west-1",
            "role_arn": "",
            "schedule_expression": "rate(5 minutes)",
            "state": "ENABLED",
            "tags": {},
            "tags_all": {}
          },
          "sensitive_attributes": [],
          "identity_schema_version": 0,
          "identity": {
            "account_id": "202564564111",
            "name": "ev-fleet-optimizer-schedule",
            "region": "eu-west-1"
          },
          "private": "eyJzY2hlbWFfdmVyc2lvbiI6IjEifQ=="
        }
      ]
    },
    {
      "mode": "managed",
      "type": "aws_cloudwatch_event_target",
      "name": "gold_target",
      "provider": "provider[\"registry.terraform.io/hashicorp/aws\"]",
      "instances": [
        {
          "schema_version": 1,
          "attributes": {
            "appsync_target": [],
            "arn": "arn:aws:lambda:eu-west-1:202564564111:function:ev-fleet-gold-aggregator",
            "batch_target": [],
            "dead_letter_config": [],
            "ecs_target": [],
            "event_bus_name": "default",
            "force_destroy": false,
            "http_target": [],
            "id": "ev-fleet-gold-schedule-GoldAggregator",
            "input": "",
            "input_path": "",
            "input_transformer": [],
            "kinesis_target": [],
            "redshift_target": [],
            "region": "eu-west-1",
            "retry_policy": [],
            "role_arn": "",
            "rule": "ev-fleet-gold-schedule",
            "run_command_targets": [],
            "sagemaker_pipeline_target": [],
            "sqs_target": [],
            "target_id": "GoldAggregator"
          },
          "sensitive_attributes": [],
          "identity_schema_version": 0,
          "identity": {
            "account_id": "202564564111",
            "event_bus_name": "default",
            "region": "eu-west-1",
            "rule": "ev-fleet-gold-schedule",
            "target_id": "GoldAggregator"
          },
          "private": "eyJzY2hlbWFfdmVyc2lvbiI6IjEifQ==",
          "dependencies": [
            "aws_athena_workgroup.ev_fleet",
            "aws_cloudwatch_event_rule.gold_schedule",
            "aws_glue_catalog_database.ev_fleet",
            "aws_iam_role.lambda_role",
            "aws_lambda_function.gold_aggregator",
            "aws_s3_bucket.athena_results",
            "module.my_lakehouse.aws_s3_bucket.medallion_layers"
          ]
        }
      ]
    },
    {
      "mode": "managed",
      "type": "aws_cloudwatch_event_target",
      "name": "optimizer_target",
      "provider": "provider[\"registry.terraform.io/hashicorp/aws\"]",
      "instances": [
        {
          "schema_version": 1,
          "attributes": {
            "appsync_target": [],
            "arn": "arn:aws:lambda:eu-west-1:202564564111:function:ev-fleet-optimizer",
            "batch_target": [],
            "dead_letter_config": [],
            "ecs_target": [],
            "event_bus_name": "default",
            "force_destroy": false,
            "http_target": [],
            "id": "ev-fleet-optimizer-schedule-OptimizerEngine",
            "input": "",
            "input_path": "",
            "input_transformer": [],
            "kinesis_target": [],
            "redshift_target": [],
            "region": "eu-west-1",
            "retry_policy": [],
            "role_arn": "",
            "rule": "ev-fleet-optimizer-schedule",
            "run_command_targets": [],
            "sagemaker_pipeline_target": [],
            "sqs_target": [],
            "target_id": "OptimizerEngine"
          },
          "sensitive_attributes": [],
          "identity_schema_version": 0,
          "identity": {
            "account_id": "202564564111",
            "event_bus_name": "default",
            "region": "eu-west-1",
            "rule": "ev-fleet-optimizer-schedule",
            "target_id": "OptimizerEngine"
          },
          "private": "eyJzY2hlbWFfdmVyc2lvbiI6IjEifQ==",
          "dependencies": [
            "aws_cloudwatch_event_rule.optimizer_schedule",
            "aws_dynamodb_table.fleet_state",
            "aws_iam_role.lambda_role",
            "aws_lambda_function.optimizer",
            "module.my_lakehouse.aws_s3_bucket.medallion_layers"
          ]
        }
      ]
    },
    {
      "mode": "managed",
      "type": "aws_dynamodb_table",
      "name": "fleet_state",
      "provider": "provider[\"registry.terraform.io/hashicorp/aws\"]",
      "instances": [
        {
          "schema_version": 1,
          "attributes": {
            "arn": "arn:aws:dynamodb:eu-west-1:202564564111:table/ev-fleet-fleet-state",
            "attribute": [
              {
                "name": "vehicle_id",
                "type": "S"
              }
            ],
            "billing_mode": "PAY_PER_REQUEST",
            "deletion_protection_enabled": false,
            "global_secondary_index": [],
            "global_table_witness": [],
            "hash_key": "vehicle_id",
            "id": "ev-fleet-fleet-state",
            "import_table": [],
            "local_secondary_index": [],
            "name": "ev-fleet-fleet-state",
            "on_demand_throughput": [],
            "point_in_time_recovery": [
              {
                "enabled": false,
                "recovery_period_in_days": 0
              }
            ],
            "range_key": null,
            "read_capacity": 0,
            "region": "eu-west-1",
            "replica": [],
            "restore_date_time": null,
            "restore_source_name": null,
            "restore_source_table_arn": null,
            "restore_to_latest_time": null,
            "server_side_encryption": [],
            "stream_arn": "",
            "stream_enabled": false,
            "stream_label": "",
            "stream_view_type": "",
            "table_class": "STANDARD",
            "tags": {
              "Layer": "real-time-state",
              "Project": "ev-fleet"
            },
            "tags_all": {
              "Layer": "real-time-state",
              "Project": "ev-fleet"
            },
            "timeouts": null,
            "ttl": [
              {
                "attribute_name": "expires_at",
                "enabled": true
              }
            ],
            "warm_throughput": [],
            "write_capacity": 0
          },
          "sensitive_attributes": [],
          "identity_schema_version": 0,
          "private": "eyJlMmJmYjczMC1lY2FhLTExZTYtOGY4OC0zNDM2M2JjN2M0YzAiOnsiY3JlYXRlIjoxODAwMDAwMDAwMDAwLCJkZWxldGUiOjYwMDAwMDAwMDAwMCwidXBkYXRlIjozNjAwMDAwMDAwMDAwfSwic2NoZW1hX3ZlcnNpb24iOiIxIn0="
        }
      ]
    },
    {
      "mode": "managed",
      "type": "aws_glue_catalog_database",
      "name": "ev_fleet",
      "provider": "provider[\"registry.terraform.io/hashicorp/aws\"]",
      "instances": [
        {
          "schema_version": 0,
          "attributes": {
            "arn": "arn:aws:glue:eu-west-1:202564564111:database/ev-fleet-database",
            "catalog_id": "202564564111",
            "create_table_default_permission": [
              {
                "permissions": [
                  "ALL"
                ],
                "principal": [
                  {
                    "data_lake_principal_identifier": "IAM_ALLOWED_PRINCIPALS"
                  }
                ]
              }
            ],
            "description": "EV Fleet telemetry data lake — Medallion architecture",
            "federated_database": [],
            "id": "202564564111:ev-fleet-database",
            "location_uri": "",
            "name": "ev-fleet-database",
            "parameters": {},
            "region": "eu-west-1",
            "tags": {},
            "tags_all": {},
            "target_database": []
          },
          "sensitive_attributes": [],
          "identity_schema_version": 0,
          "private": "eyJzY2hlbWFfdmVyc2lvbiI6IjAifQ=="
        }
      ]
    },
    {
      "mode": "managed",
      "type": "aws_glue_catalog_table",
      "name": "ev_telemetry",
      "provider": "provider[\"registry.terraform.io/hashicorp/aws\"]",
      "instances": [
        {
          "schema_version": 0,
          "attributes": {
            "arn": "arn:aws:glue:eu-west-1:202564564111:table/ev-fleet-database/ev_telemetry",
            "catalog_id": "202564564111",
            "database_name": "ev-fleet-database",
            "description": "",
            "id": "202564564111:ev-fleet-database:ev_telemetry",
            "name": "ev_telemetry",
            "open_table_format_input": [],
            "owner": "",
            "parameters": {
              "classification": "parquet",
              "parquet.compression": "SNAPPY",
              "projection.enabled": "false"
            },
            "partition_index": [],
            "partition_keys": [
              {
                "comment": "",
                "name": "year",
                "parameters": {},
                "type": "string"
              },
              {
                "comment": "",
                "name": "month",
                "parameters": {},
                "type": "string"
              },
              {
                "comment": "",
                "name": "day",
                "parameters": {},
                "type": "string"
              }
            ],
            "region": "eu-west-1",
            "retention": 0,
            "storage_descriptor": [
              {
                "additional_locations": [],
                "bucket_columns": [],
                "columns": [
                  {
                    "comment": "",
                    "name": "vehicle_id",
                    "parameters": {},
                    "type": "string"
                  },
                  {
                    "comment": "",
                    "name": "timestamp",
                    "parameters": {},
                    "type": "string"
                  },
                  {
                    "comment": "",
                    "name": "state_of_charge",
                    "parameters": {},
                    "type": "double"
                  },
                  {
                    "comment": "",
                    "name": "status",
                    "parameters": {},
                    "type": "string"
                  },
                  {
                    "comment": "",
                    "name": "charger_connected",
                    "parameters": {},
                    "type": "boolean"
                  },
                  {
                    "comment": "",
                    "name": "charger_type",
                    "parameters": {},
                    "type": "string"
                  },
                  {
                    "comment": "",
                    "name": "charger_kw",
                    "parameters": {},
                    "type": "double"
                  },
                  {
                    "comment": "",
                    "name": "battery_temp_c",
                    "parameters": {},
                    "type": "double"
                  },
                  {
                    "comment": "",
                    "name": "speed_kmh",
                    "parameters": {},
                    "type": "double"
                  },
                  {
                    "comment": "",
                    "name": "odometer_km",
                    "parameters": {},
                    "type": "double"
                  },
                  {
                    "comment": "",
                    "name": "next_departure",
                    "parameters": {},
                    "type": "string"
                  },
                  {
                    "comment": "",
                    "name": "time_to_departure_min",
                    "parameters": {},
                    "type": "double"
                  },
                  {
                    "comment": "",
                    "name": "tariff_period",
                    "parameters": {},
                    "type": "string"
                  },
                  {
                    "comment": "",
                    "name": "lat",
                    "parameters": {},
                    "type": "double"
                  },
                  {
                    "comment": "",
                    "name": "long",
                    "parameters": {},
                    "type": "double"
                  },
                  {
                    "comment": "",
                    "name": "processed_at",
                    "parameters": {},
                    "type": "string"
                  },
                  {
                    "comment": "",
                    "name": "source_key",
                    "parameters": {},
                    "type": "string"
                  },
                  {
                    "comment": "",
                    "name": "validation_errors",
                    "parameters": {},
                    "type": "string"
                  },
                  {
                    "comment": "",
                    "name": "data_quality",
                    "parameters": {},
                    "type": "string"
                  }
                ],
                "compressed": false,
                "input_format": "org.apache.hadoop.hive.ql.io.parquet.MapredParquetInputFormat",
                "location": "s3://ev-fleet-silver-00cc42d3/ev_telemetry/",
                "number_of_buckets": 0,
                "output_format": "org.apache.hadoop.hive.ql.io.parquet.MapredParquetOutputFormat",
                "parameters": {},
                "schema_reference": [],
                "ser_de_info": [
                  {
                    "name": "parquet-serde",
                    "parameters": {
                      "serialization.format": "1"
                    },
                    "serialization_library": "org.apache.hadoop.hive.ql.io.parquet.serde.ParquetHiveSerDe"
                  }
                ],
                "skewed_info": [],
                "sort_columns": [],
                "stored_as_sub_directories": false
              }
            ],
            "table_type": "EXTERNAL_TABLE",
            "target_table": [],
            "view_definition": [],
            "view_expanded_text": "",
            "view_original_text": ""
          },
          "sensitive_attributes": [],
          "identity_schema_version": 0,
          "private": "eyJzY2hlbWFfdmVyc2lvbiI6IjAifQ==",
          "dependencies": [
            "aws_glue_catalog_database.ev_fleet",
            "module.my_lakehouse.aws_s3_bucket.medallion_layers"
          ]
        }
      ]
    },
    {
      "mode": "managed",
      "type": "aws_iam_role",
      "name": "glue_role",
      "provider": "provider[\"registry.terraform.io/hashicorp/aws\"]",
      "instances": [
        {
          "schema_version": 0,
          "attributes": {
            "arn": "arn:aws:iam::202564564111:role/ev-fleet-glue-role",
            "assume_role_policy": "{\"Statement\":[{\"Action\":\"sts:AssumeRole\",\"Effect\":\"Allow\",\"Principal\":{\"Service\":\"glue.amazonaws.com\"}}],\"Version\":\"2012-10-17\"}",
            "create_date": "2026-03-09T09:40:52Z",
            "description": "",
            "force_detach_policies": false,
            "id": "ev-fleet-glue-role",
            "inline_policy": [
              {
                "name": "ev-fleet-glue-s3-policy",
                "policy": "{\"Version\":\"2012-10-17\",\"Statement\":[{\"Action\":[\"s3:GetObject\",\"s3:ListBucket\"],\"Effect\":\"Allow\",\"Resource\":[\"arn:aws:s3:::ev-fleet-silver-00cc42d3\",\"arn:aws:s3:::ev-fleet-silver-00cc42d3/*\"]}]}"
              }
            ],
            "managed_policy_arns": [
              "arn:aws:iam::aws:policy/service-role/AWSGlueServiceRole"
            ],
            "max_session_duration": 3600,
            "name": "ev-fleet-glue-role",
            "name_prefix": "",
            "path": "/",
            "permissions_boundary": "",
            "tags": {},
            "tags_all": {},
            "unique_id": "AROAS6KOJ6SH4GHFURHIM"
          },
          "sensitive_attributes": [],
          "identity_schema_version": 0,
          "identity": {
            "account_id": "202564564111",
            "name": "ev-fleet-glue-role"
          },
          "private": "eyJzY2hlbWFfdmVyc2lvbiI6IjAifQ=="
        }
      ]
    },
    {
      "mode": "managed",
      "type": "aws_iam_role",
      "name": "kinesis_role",
      "provider": "provider[\"registry.terraform.io/hashicorp/aws\"]",
      "instances": [
        {
          "schema_version": 0,
          "attributes": {
            "arn": "arn:aws:iam::202564564111:role/ev-fleet-kinesis-role",
            "assume_role_policy": "{\"Statement\":[{\"Action\":\"sts:AssumeRole\",\"Effect\":\"Allow\",\"Principal\":{\"Service\":\"firehose.amazonaws.com\"}}],\"Version\":\"2012-10-17\"}",
            "create_date": "2026-03-09T09:40:52Z",
            "description": "",
            "force_detach_policies": false,
            "id": "ev-fleet-kinesis-role",
            "inline_policy": [],
            "managed_policy_arns": [],
            "max_session_duration": 3600,
            "name": "ev-fleet-kinesis-role",
            "name_prefix": "",
            "path": "/",
            "permissions_boundary": "",
            "tags": {},
            "tags_all": {},
            "unique_id": "AROAS6KOJ6SHRONXJHJAO"
          },
          "sensitive_attributes": [],
          "identity_schema_version": 0,
          "identity": {
            "account_id": "202564564111",
            "name": "ev-fleet-kinesis-role"
          },
          "private": "eyJzY2hlbWFfdmVyc2lvbiI6IjAifQ=="
        }
      ]
    },
    {
      "mode": "managed",
      "type": "aws_iam_role",
      "name": "lambda_role",
      "provider": "provider[\"registry.terraform.io/hashicorp/aws\"]",
      "instances": [
        {
          "schema_version": 0,
          "attributes": {
            "arn": "arn:aws:iam::202564564111:role/ev-fleet-lambda-role",
            "assume_role_policy": "{\"Statement\":[{\"Action\":\"sts:AssumeRole\",\"Effect\":\"Allow\",\"Principal\":{\"Service\":\"lambda.amazonaws.com\"}}],\"Version\":\"2012-10-17\"}",
            "create_date": "2026-03-22T12:35:22Z",
            "description": "",
            "force_detach_policies": false,
            "id": "ev-fleet-lambda-role",
            "inline_policy": [
              {
                "name": "ev-fleet-lambda-s3-policy",
                "policy": "{\"Version\":\"2012-10-17\",\"Statement\":[{\"Action\":[\"s3:PutObject\",\"s3:GetObject\"],\"Effect\":\"Allow\",\"Resource\":\"arn:aws:s3:::ev-fleet-bronze-00cc42d3/*\"},{\"Action\":[\"s3:GetObject\",\"s3:PutObject\"],\"Effect\":\"Allow\",\"Resource\":\"arn:aws:s3:::ev-fleet-silver-00cc42d3/*\"},{\"Action\":[\"s3:ListBucket\",\"s3:GetBucketLocation\"],\"Effect\":\"Allow\",\"Resource\":[\"arn:aws:s3:::ev-fleet-bronze-00cc42d3\",\"arn:aws:s3:::ev-fleet-silver-00cc42d3\"]}]}"
              },
              {
                "name": "ev-fleet-lambda-sqs-policy",
                "policy": "{\"Version\":\"2012-10-17\",\"Statement\":[{\"Action\":[\"sqs:ReceiveMessage\",\"sqs:DeleteMessage\",\"sqs:GetQueueAttributes\"],\"Effect\":\"Allow\",\"Resource\":\"arn:aws:sqs:eu-west-1:202564564111:ev-fleet-telemetry-queue\"}]}"
              }
            ],
            "managed_policy_arns": [
              "arn:aws:iam::aws:policy/service-role/AWSLambdaBasicExecutionRole"
            ],
            "max_session_duration": 3600,
            "name": "ev-fleet-lambda-role",
            "name_prefix": "",
            "path": "/",
            "permissions_boundary": "",
            "tags": {},
            "tags_all": {},
            "unique_id": "AROAS6KOJ6SHTYZRI5NXR"
          },
          "sensitive_attributes": [],
          "identity_schema_version": 0,
          "identity": {
            "account_id": "202564564111",
            "name": "ev-fleet-lambda-role"
          },
          "private": "bnVsbA=="
        }
      ]
    },
    {
      "mode": "managed",
      "type": "aws_iam_role_policy",
      "name": "glue_s3_access",
      "provider": "provider[\"registry.terraform.io/hashicorp/aws\"]",
      "instances": [
        {
          "schema_version": 0,
          "attributes": {
            "id": "ev-fleet-glue-role:ev-fleet-glue-s3-policy",
            "name": "ev-fleet-glue-s3-policy",
            "name_prefix": "",
            "policy": "{\"Version\":\"2012-10-17\",\"Statement\":[{\"Action\":[\"s3:GetObject\",\"s3:ListBucket\"],\"Effect\":\"Allow\",\"Resource\":[\"arn:aws:s3:::ev-fleet-silver-00cc42d3\",\"arn:aws:s3:::ev-fleet-silver-00cc42d3/*\"]}]}",
            "role": "ev-fleet-glue-role"
          },
          "sensitive_attributes": [],
          "identity_schema_version": 0,
          "identity": {
            "account_id": "202564564111",
            "name": "ev-fleet-glue-s3-policy",
            "role": "ev-fleet-glue-role"
          },
          "private": "bnVsbA==",
          "dependencies": [
            "aws_iam_role.glue_role",
            "module.my_lakehouse.aws_s3_bucket.medallion_layers"
          ]
        }
      ]
    },
    {
      "mode": "managed",
      "type": "aws_iam_role_policy",
      "name": "lambda_dynamodb_policy",
      "provider": "provider[\"registry.terraform.io/hashicorp/aws\"]",
      "instances": [
        {
          "schema_version": 0,
          "attributes": {
            "id": "ev-fleet-lambda-role:ev-fleet-lambda-dynamodb-policy",
            "name": "ev-fleet-lambda-dynamodb-policy",
            "name_prefix": "",
            "policy": "{\"Version\":\"2012-10-17\",\"Statement\":[{\"Action\":[\"dynamodb:PutItem\",\"dynamodb:GetItem\",\"dynamodb:UpdateItem\",\"dynamodb:Scan\",\"dynamodb:Query\",\"dynamodb:BatchWriteItem\"],\"Effect\":\"Allow\",\"Resource\":\"arn:aws:dynamodb:eu-west-1:202564564111:table/ev-fleet-fleet-state\"}]}",
            "role": "ev-fleet-lambda-role"
          },
          "sensitive_attributes": [],
          "identity_schema_version": 0,
          "identity": {
            "account_id": "202564564111",
            "name": "ev-fleet-lambda-dynamodb-policy",
            "role": "ev-fleet-lambda-role"
          },
          "private": "bnVsbA==",
          "dependencies": [
            "aws_dynamodb_table.fleet_state",
            "aws_iam_role.lambda_role"
          ]
        }
      ]
    },
    {
      "mode": "managed",
      "type": "aws_iam_role_policy",
      "name": "lambda_s3_access",
      "provider": "provider[\"registry.terraform.io/hashicorp/aws\"]",
      "instances": [
        {
          "schema_version": 0,
          "attributes": {
            "id": "ev-fleet-lambda-role:ev-fleet-lambda-s3-policy",
            "name": "ev-fleet-lambda-s3-policy",
            "name_prefix": "",
            "policy": "{\"Version\":\"2012-10-17\",\"Statement\":[{\"Action\":[\"s3:PutObject\",\"s3:GetObject\"],\"Effect\":\"Allow\",\"Resource\":\"arn:aws:s3:::ev-fleet-bronze-00cc42d3/*\"},{\"Action\":[\"s3:GetObject\",\"s3:PutObject\"],\"Effect\":\"Allow\",\"Resource\":\"arn:aws:s3:::ev-fleet-silver-00cc42d3/*\"},{\"Action\":[\"s3:ListBucket\",\"s3:GetBucketLocation\"],\"Effect\":\"Allow\",\"Resource\":[\"arn:aws:s3:::ev-fleet-bronze-00cc42d3\",\"arn:aws:s3:::ev-fleet-silver-00cc42d3\"]}]}",
            "role": "ev-fleet-lambda-role"
          },
          "sensitive_attributes": [],
          "identity_schema_version": 0,
          "identity": {
            "account_id": "202564564111",
            "name": "ev-fleet-lambda-s3-policy",
            "role": "ev-fleet-lambda-role"
          },
          "private": "bnVsbA==",
          "dependencies": [
            "aws_iam_role.lambda_role",
            "module.my_lakehouse.aws_s3_bucket.medallion_layers"
          ]
        }
      ]
    },
    {
      "mode": "managed",
      "type": "aws_iam_role_policy",
      "name": "lambda_sqs_access",
      "provider": "provider[\"registry.terraform.io/hashicorp/aws\"]",
      "instances": [
        {
          "schema_version": 0,
          "attributes": {
            "id": "ev-fleet-lambda-role:ev-fleet-lambda-sqs-policy",
            "name": "ev-fleet-lambda-sqs-policy",
            "name_prefix": "",
            "policy": "{\"Version\":\"2012-10-17\",\"Statement\":[{\"Action\":[\"sqs:ReceiveMessage\",\"sqs:DeleteMessage\",\"sqs:GetQueueAttributes\"],\"Effect\":\"Allow\",\"Resource\":\"arn:aws:sqs:eu-west-1:202564564111:ev-fleet-telemetry-queue\"}]}",
            "role": "ev-fleet-lambda-role"
          },
          "sensitive_attributes": [],
          "identity_schema_version": 0,
          "identity": {
            "account_id": "202564564111",
            "name": "ev-fleet-lambda-sqs-policy",
            "role": "ev-fleet-lambda-role"
          },
          "private": "bnVsbA==",
          "dependencies": [
            "aws_iam_role.lambda_role",
            "aws_sqs_queue.telemetry_dlq",
            "aws_sqs_queue.telemetry_queue"
          ]
        }
      ]
    },
    {
      "mode": "managed",
      "type": "aws_iam_role_policy",
      "name": "lambda_sqs_policy",
      "provider": "provider[\"registry.terraform.io/hashicorp/aws\"]",
      "instances": [
        {
          "schema_version": 0,
          "attributes": {
            "id": "ev-fleet-lambda-role:ev-fleet-lambda-sqs-policy",
            "name": "ev-fleet-lambda-sqs-policy",
            "name_prefix": "",
            "policy": "{\"Version\":\"2012-10-17\",\"Statement\":[{\"Action\":[\"sqs:ReceiveMessage\",\"sqs:DeleteMessage\",\"sqs:GetQueueAttributes\"],\"Effect\":\"Allow\",\"Resource\":\"arn:aws:sqs:eu-west-1:202564564111:ev-fleet-telemetry-queue\"}]}",
            "role": "ev-fleet-lambda-role"
          },
          "sensitive_attributes": [],
          "identity_schema_version": 0,
          "identity": {
            "account_id": "202564564111",
            "name": "ev-fleet-lambda-sqs-policy",
            "role": "ev-fleet-lambda-role"
          },
          "private": "bnVsbA==",
          "dependencies": [
            "aws_iam_role.lambda_role",
            "aws_sqs_queue.telemetry_dlq",
            "aws_sqs_queue.telemetry_queue"
          ]
        }
      ]
    },
    {
      "mode": "managed",
      "type": "aws_iam_role_policy_attachment",
      "name": "glue_service",
      "provider": "provider[\"registry.terraform.io/hashicorp/aws\"]",
      "instances": [
        {
          "schema_version": 0,
          "attributes": {
            "id": "ev-fleet-glue-role/arn:aws:iam::aws:policy/service-role/AWSGlueServiceRole",
            "policy_arn": "arn:aws:iam::aws:policy/service-role/AWSGlueServiceRole",
            "role": "ev-fleet-glue-role"
          },
          "sensitive_attributes": [],
          "identity_schema_version": 0,
          "identity": {
            "account_id": "202564564111",
            "policy_arn": "arn:aws:iam::aws:policy/service-role/AWSGlueServiceRole",
            "role": "ev-fleet-glue-role"
          },
          "private": "bnVsbA==",
          "dependencies": [
            "aws_iam_role.glue_role"
          ]
        }
      ]
    },
    {
      "mode": "managed",
      "type": "aws_iam_role_policy_attachment",
      "name": "lambda_logs",
      "provider": "provider[\"registry.terraform.io/hashicorp/aws\"]",
      "instances": [
        {
          "schema_version": 0,
          "attributes": {
            "id": "ev-fleet-lambda-role/arn:aws:iam::aws:policy/service-role/AWSLambdaBasicExecutionRole",
            "policy_arn": "arn:aws:iam::aws:policy/service-role/AWSLambdaBasicExecutionRole",
            "role": "ev-fleet-lambda-role"
          },
          "sensitive_attributes": [],
          "identity_schema_version": 0,
          "identity": {
            "account_id": "202564564111",
            "policy_arn": "arn:aws:iam::aws:policy/service-role/AWSLambdaBasicExecutionRole",
            "role": "ev-fleet-lambda-role"
          },
          "private": "bnVsbA==",
          "dependencies": [
            "aws_iam_role.lambda_role"
          ]
        }
      ]
    },
    {
      "mode": "managed",
      "type": "aws_lambda_event_source_mapping",
      "name": "sqs_to_ingestor",
      "provider": "provider[\"registry.terraform.io/hashicorp/aws\"]",
      "instances": [
        {
          "schema_version": 0,
          "attributes": {
            "amazon_managed_kafka_event_source_config": [],
            "arn": "arn:aws:lambda:eu-west-1:202564564111:event-source-mapping:2a2e4125-b303-4e19-ab79-b85bfe6d80a8",
            "batch_size": 10,
            "bisect_batch_on_function_error": false,
            "destination_config": [],
            "document_db_event_source_config": [],
            "enabled": true,
            "event_source_arn": "arn:aws:sqs:eu-west-1:202564564111:ev-fleet-telemetry-queue",
            "filter_criteria": [],
            "function_arn": "arn:aws:lambda:eu-west-1:202564564111:function:ev-fleet-ingestor",
            "function_name": "arn:aws:lambda:eu-west-1:202564564111:function:ev-fleet-ingestor",
            "function_response_types": [],
            "id": "2a2e4125-b303-4e19-ab79-b85bfe6d80a8",
            "kms_key_arn": "",
            "last_modified": "2026-03-22T12:53:31Z",
            "last_processing_result": "",
            "maximum_batching_window_in_seconds": 0,
            "maximum_record_age_in_seconds": 0,
            "maximum_retry_attempts": 0,
            "metrics_config": [],
            "parallelization_factor": 0,
            "provisioned_poller_config": [],
            "queues": [],
            "region": "eu-west-1",
            "scaling_config": [],
            "self_managed_event_source": [],
            "self_managed_kafka_event_source_config": [],
            "source_access_configuration": [],
            "starting_position": "",
            "starting_position_timestamp": "",
            "state": "Enabled",
            "state_transition_reason": "USER_INITIATED",
            "tags": {},
            "tags_all": {},
            "topics": [],
            "tumbling_window_in_seconds": 0,
            "uuid": "2a2e4125-b303-4e19-ab79-b85bfe6d80a8"
          },
          "sensitive_attributes": [],
          "identity_schema_version": 0,
          "private": "bnVsbA==",
          "dependencies": [
            "aws_iam_role.lambda_role",
            "aws_lambda_function.ingestor",
            "aws_sqs_queue.telemetry_dlq",
            "aws_sqs_queue.telemetry_queue",
            "module.my_lakehouse.aws_s3_bucket.medallion_layers"
          ]
        }
      ]
    },
    {
      "mode": "managed",
      "type": "aws_lambda_function",
      "name": "gold_aggregator",
      "provider": "provider[\"registry.terraform.io/hashicorp/aws\"]",
      "instances": [
        {
          "schema_version": 0,
          "attributes": {
            "architectures": [
              "x86_64"
            ],
            "arn": "arn:aws:lambda:eu-west-1:202564564111:function:ev-fleet-gold-aggregator",
            "capacity_provider_config": [],
            "code_sha256": "I2IAZ3JNFm1x4LybV/1j9z69jLYpjLB6iiE1sGJS3/c=",
            "code_signing_config_arn": "",
            "dead_letter_config": [],
            "description": "",
            "durable_config": [],
            "environment": [
              {
                "variables": {
                  "ATHENA_WORKGROUP": "ev-fleet-workgroup",
                  "GLUE_DATABASE": "ev-fleet-database",
                  "GOLD_BUCKET_NAME": "ev-fleet-gold-00cc42d3"
                }
              }
            ],
            "ephemeral_storage": [
              {
                "size": 512
              }
            ],
            "file_system_config": [],
            "filename": null,
            "function_name": "ev-fleet-gold-aggregator",
            "handler": "gold_aggregator.handler",
            "id": "ev-fleet-gold-aggregator",
            "image_config": [],
            "image_uri": "",
            "invoke_arn": "arn:aws:apigateway:eu-west-1:lambda:path/2015-03-31/functions/arn:aws:lambda:eu-west-1:202564564111:function:ev-fleet-gold-aggregator/invocations",
            "kms_key_arn": "",
            "last_modified": "2026-03-17T11:33:57.636+0000",
            "layers": [
              "arn:aws:lambda:eu-west-1:336392948345:layer:AWSSDKPandas-Python311:18"
            ],
            "logging_config": [
              {
                "application_log_level": "",
                "log_format": "Text",
                "log_group": "/aws/lambda/ev-fleet-gold-aggregator",
                "system_log_level": ""
              }
            ],
            "memory_size": 128,
            "package_type": "Zip",
            "publish": null,
            "publish_to": null,
            "qualified_arn": "arn:aws:lambda:eu-west-1:202564564111:function:ev-fleet-gold-aggregator:$LATEST",
            "qualified_invoke_arn": "arn:aws:apigateway:eu-west-1:lambda:path/2015-03-31/functions/arn:aws:lambda:eu-west-1:202564564111:function:ev-fleet-gold-aggregator:$LATEST/invocations",
            "region": "eu-west-1",
            "replace_security_groups_on_destroy": null,
            "replacement_security_group_ids": null,
            "reserved_concurrent_executions": -1,
            "response_streaming_invoke_arn": "arn:aws:apigateway:eu-west-1:lambda:path/2021-11-15/functions/arn:aws:lambda:eu-west-1:202564564111:function:ev-fleet-gold-aggregator/response-streaming-invocations",
            "role": "arn:aws:iam::202564564111:role/ev-fleet-lambda-role",
            "runtime": "python3.11",
            "s3_bucket": null,
            "s3_key": null,
            "s3_object_version": null,
            "signing_job_arn": "",
            "signing_profile_version_arn": "",
            "skip_destroy": false,
            "snap_start": [],
            "source_code_hash": "",
            "source_code_size": 3990,
            "source_kms_key_arn": "",
            "tags": {},
            "tags_all": {},
            "tenancy_config": [],
            "timeout": 120,
            "timeouts": null,
            "tracing_config": [
              {
                "mode": "PassThrough"
              }
            ],
            "version": "$LATEST",
            "vpc_config": []
          },
          "sensitive_attributes": [],
          "identity_schema_version": 0,
          "identity": {
            "account_id": "202564564111",
            "function_name": "ev-fleet-gold-aggregator",
            "region": "eu-west-1"
          },
          "private": "eyJlMmJmYjczMC1lY2FhLTExZTYtOGY4OC0zNDM2M2JjN2M0YzAiOnsiY3JlYXRlIjo2MDAwMDAwMDAwMDAsImRlbGV0ZSI6NjAwMDAwMDAwMDAwLCJ1cGRhdGUiOjYwMDAwMDAwMDAwMH0sInNjaGVtYV92ZXJzaW9uIjoiMCJ9",
          "dependencies": [
            "aws_athena_workgroup.ev_fleet",
            "aws_glue_catalog_database.ev_fleet",
            "aws_iam_role.lambda_role",
            "aws_s3_bucket.athena_results",
            "module.my_lakehouse.aws_s3_bucket.medallion_layers"
          ]
        }
      ]
    },
    {
      "mode": "managed",
      "type": "aws_lambda_function",
      "name": "ingestor",
      "provider": "provider[\"registry.terraform.io/hashicorp/aws\"]",
      "instances": [
        {
          "schema_version": 0,
          "attributes": {
            "architectures": [
              "x86_64"
            ],
            "arn": "arn:aws:lambda:eu-west-1:202564564111:function:ev-fleet-ingestor",
            "capacity_provider_config": [],
            "code_sha256": "LRqiVtyF1pD9OiryTdeJWdGHKyvnnxRU+ifM1o/oq50=",
            "code_signing_config_arn": "",
            "dead_letter_config": [],
            "description": "",
            "durable_config": [],
            "environment": [
              {
                "variables": {
                  "BRONZE_BUCKET_NAME": "ev-fleet-bronze-00cc42d3"
                }
              }
            ],
            "ephemeral_storage": [
              {
                "size": 512
              }
            ],
            "file_system_config": [],
            "filename": "./modules/dummy_lambda.zip",
            "function_name": "ev-fleet-ingestor",
            "handler": "index.handler",
            "id": "ev-fleet-ingestor",
            "image_config": [],
            "image_uri": "",
            "invoke_arn": "arn:aws:apigateway:eu-west-1:lambda:path/2015-03-31/functions/arn:aws:lambda:eu-west-1:202564564111:function:ev-fleet-ingestor/invocations",
            "kms_key_arn": "",
            "last_modified": "2026-03-22T12:53:25.000+0000",
            "layers": [],
            "logging_config": [
              {
                "application_log_level": "",
                "log_format": "Text",
                "log_group": "/aws/lambda/ev-fleet-ingestor",
                "system_log_level": ""
              }
            ],
            "memory_size": 128,
            "package_type": "Zip",
            "publish": false,
            "publish_to": null,
            "qualified_arn": "arn:aws:lambda:eu-west-1:202564564111:function:ev-fleet-ingestor:$LATEST",
            "qualified_invoke_arn": "arn:aws:apigateway:eu-west-1:lambda:path/2015-03-31/functions/arn:aws:lambda:eu-west-1:202564564111:function:ev-fleet-ingestor:$LATEST/invocations",
            "region": "eu-west-1",
            "replace_security_groups_on_destroy": null,
            "replacement_security_group_ids": null,
            "reserved_concurrent_executions": -1,
            "response_streaming_invoke_arn": "arn:aws:apigateway:eu-west-1:lambda:path/2021-11-15/functions/arn:aws:lambda:eu-west-1:202564564111:function:ev-fleet-ingestor/response-streaming-invocations",
            "role": "arn:aws:iam::202564564111:role/ev-fleet-lambda-role",
            "runtime": "python3.11",
            "s3_bucket": null,
            "s3_key": null,
            "s3_object_version": null,
            "signing_job_arn": "",
            "signing_profile_version_arn": "",
            "skip_destroy": false,
            "snap_start": [],
            "source_code_hash": "LRqiVtyF1pD9OiryTdeJWdGHKyvnnxRU+ifM1o/oq50=",
            "source_code_size": 825,
            "source_kms_key_arn": "",
            "tags": {},
            "tags_all": {},
            "tenancy_config": [],
            "timeout": 3,
            "timeouts": null,
            "tracing_config": [
              {
                "mode": "PassThrough"
              }
            ],
            "version": "$LATEST",
            "vpc_config": []
          },
          "sensitive_attributes": [],
          "identity_schema_version": 0,
          "identity": {
            "account_id": "202564564111",
            "function_name": "ev-fleet-ingestor",
            "region": "eu-west-1"
          },
          "private": "eyJlMmJmYjczMC1lY2FhLTExZTYtOGY4OC0zNDM2M2JjN2M0YzAiOnsiY3JlYXRlIjo2MDAwMDAwMDAwMDAsImRlbGV0ZSI6NjAwMDAwMDAwMDAwLCJ1cGRhdGUiOjYwMDAwMDAwMDAwMH19",
          "dependencies": [
            "aws_iam_role.lambda_role",
            "module.my_lakehouse.aws_s3_bucket.medallion_layers"
          ]
        }
      ]
    },
    {
      "mode": "managed",
      "type": "aws_lambda_function",
      "name": "optimizer",
      "provider": "provider[\"registry.terraform.io/hashicorp/aws\"]",
      "instances": [
        {
          "schema_version": 0,
          "attributes": {
            "architectures": [
              "x86_64"
            ],
            "arn": "arn:aws:lambda:eu-west-1:202564564111:function:ev-fleet-optimizer",
            "capacity_provider_config": [],
            "code_sha256": "Ew2264H+0H7JdmWLByjEW+AxvtYwjOhimNkcRSVMsAM=",
            "code_signing_config_arn": "",
            "dead_letter_config": [],
            "description": "",
            "durable_config": [],
            "environment": [
              {
                "variables": {
                  "DYNAMODB_TABLE_NAME": "ev-fleet-fleet-state",
                  "GOLD_BUCKET_NAME": "ev-fleet-gold-00cc42d3"
                }
              }
            ],
            "ephemeral_storage": [
              {
                "size": 512
              }
            ],
            "file_system_config": [],
            "filename": "./modules/optimizer_lambda.zip",
            "function_name": "ev-fleet-optimizer",
            "handler": "optimizer.handler",
            "id": "ev-fleet-optimizer",
            "image_config": [],
            "image_uri": "",
            "invoke_arn": "arn:aws:apigateway:eu-west-1:lambda:path/2015-03-31/functions/arn:aws:lambda:eu-west-1:202564564111:function:ev-fleet-optimizer/invocations",
            "kms_key_arn": "",
            "last_modified": "2026-03-22T12:53:13.000+0000",
            "layers": [],
            "logging_config": [
              {
                "application_log_level": "",
                "log_format": "Text",
                "log_group": "/aws/lambda/ev-fleet-optimizer",
                "system_log_level": ""
              }
            ],
            "memory_size": 128,
            "package_type": "Zip",
            "publish": false,
            "publish_to": null,
            "qualified_arn": "arn:aws:lambda:eu-west-1:202564564111:function:ev-fleet-optimizer:$LATEST",
            "qualified_invoke_arn": "arn:aws:apigateway:eu-west-1:lambda:path/2015-03-31/functions/arn:aws:lambda:eu-west-1:202564564111:function:ev-fleet-optimizer:$LATEST/invocations",
            "region": "eu-west-1",
            "replace_security_groups_on_destroy": null,
            "replacement_security_group_ids": null,
            "reserved_concurrent_executions": -1,
            "response_streaming_invoke_arn": "arn:aws:apigateway:eu-west-1:lambda:path/2021-11-15/functions/arn:aws:lambda:eu-west-1:202564564111:function:ev-fleet-optimizer/response-streaming-invocations",
            "role": "arn:aws:iam::202564564111:role/ev-fleet-lambda-role",
            "runtime": "python3.11",
            "s3_bucket": null,
            "s3_key": null,
            "s3_object_version": null,
            "signing_job_arn": "",
            "signing_profile_version_arn": "",
            "skip_destroy": false,
            "snap_start": [],
            "source_code_hash": "Ew2264H+0H7JdmWLByjEW+AxvtYwjOhimNkcRSVMsAM=",
            "source_code_size": 3015,
            "source_kms_key_arn": "",
            "tags": {},
            "tags_all": {},
            "tenancy_config": [],
            "timeout": 60,
            "timeouts": null,
            "tracing_config": [
              {
                "mode": "PassThrough"
              }
            ],
            "version": "$LATEST",
            "vpc_config": []
          },
          "sensitive_attributes": [],
          "identity_schema_version": 0,
          "identity": {
            "account_id": "202564564111",
            "function_name": "ev-fleet-optimizer",
            "region": "eu-west-1"
          },
          "private": "eyJlMmJmYjczMC1lY2FhLTExZTYtOGY4OC0zNDM2M2JjN2M0YzAiOnsiY3JlYXRlIjo2MDAwMDAwMDAwMDAsImRlbGV0ZSI6NjAwMDAwMDAwMDAwLCJ1cGRhdGUiOjYwMDAwMDAwMDAwMH19",
          "dependencies": [
            "aws_dynamodb_table.fleet_state",
            "aws_iam_role.lambda_role",
            "module.my_lakehouse.aws_s3_bucket.medallion_layers"
          ]
        }
      ]
    },
    {
      "mode": "managed",
      "type": "aws_lambda_function",
      "name": "transformer",
      "provider": "provider[\"registry.terraform.io/hashicorp/aws\"]",
      "instances": [
        {
          "schema_version": 0,
          "attributes": {
            "architectures": [
              "x86_64"
            ],
            "arn": "arn:aws:lambda:eu-west-1:202564564111:function:ev-fleet-transformer",
            "capacity_provider_config": [],
            "code_sha256": "VBRPVEz2JlsdE0slKPhWlyI6haV71Zvp9OMzVQowZ60=",
            "code_signing_config_arn": "",
            "dead_letter_config": [],
            "description": "",
            "durable_config": [],
            "environment": [
              {
                "variables": {
                  "DYNAMODB_TABLE_NAME": "ev-fleet-fleet-state",
                  "SILVER_BUCKET_NAME": "ev-fleet-silver-00cc42d3"
                }
              }
            ],
            "ephemeral_storage": [
              {
                "size": 512
              }
            ],
            "file_system_config": [],
            "filename": "./modules/silver_lambda.zip",
            "function_name": "ev-fleet-transformer",
            "handler": "silver_transform.handler",
            "id": "ev-fleet-transformer",
            "image_config": [],
            "image_uri": "",
            "invoke_arn": "arn:aws:apigateway:eu-west-1:lambda:path/2015-03-31/functions/arn:aws:lambda:eu-west-1:202564564111:function:ev-fleet-transformer/invocations",
            "kms_key_arn": "",
            "last_modified": "2026-03-22T12:53:19.000+0000",
            "layers": [
              "arn:aws:lambda:eu-west-1:336392948345:layer:AWSSDKPandas-Python311:18"
            ],
            "logging_config": [
              {
                "application_log_level": "",
                "log_format": "Text",
                "log_group": "/aws/lambda/ev-fleet-transformer",
                "system_log_level": ""
              }
            ],
            "memory_size": 128,
            "package_type": "Zip",
            "publish": false,
            "publish_to": null,
            "qualified_arn": "arn:aws:lambda:eu-west-1:202564564111:function:ev-fleet-transformer:$LATEST",
            "qualified_invoke_arn": "arn:aws:apigateway:eu-west-1:lambda:path/2015-03-31/functions/arn:aws:lambda:eu-west-1:202564564111:function:ev-fleet-transformer:$LATEST/invocations",
            "region": "eu-west-1",
            "replace_security_groups_on_destroy": null,
            "replacement_security_group_ids": null,
            "reserved_concurrent_executions": -1,
            "response_streaming_invoke_arn": "arn:aws:apigateway:eu-west-1:lambda:path/2021-11-15/functions/arn:aws:lambda:eu-west-1:202564564111:function:ev-fleet-transformer/response-streaming-invocations",
            "role": "arn:aws:iam::202564564111:role/ev-fleet-lambda-role",
            "runtime": "python3.11",
            "s3_bucket": null,
            "s3_key": null,
            "s3_object_version": null,
            "signing_job_arn": "",
            "signing_profile_version_arn": "",
            "skip_destroy": false,
            "snap_start": [],
            "source_code_hash": "VBRPVEz2JlsdE0slKPhWlyI6haV71Zvp9OMzVQowZ60=",
            "source_code_size": 1808,
            "source_kms_key_arn": "",
            "tags": {},
            "tags_all": {},
            "tenancy_config": [],
            "timeout": 60,
            "timeouts": null,
            "tracing_config": [
              {
                "mode": "PassThrough"
              }
            ],
            "version": "$LATEST",
            "vpc_config": []
          },
          "sensitive_attributes": [],
          "identity_schema_version": 0,
          "identity": {
            "account_id": "202564564111",
            "function_name": "ev-fleet-transformer",
            "region": "eu-west-1"
          },
          "private": "eyJlMmJmYjczMC1lY2FhLTExZTYtOGY4OC0zNDM2M2JjN2M0YzAiOnsiY3JlYXRlIjo2MDAwMDAwMDAwMDAsImRlbGV0ZSI6NjAwMDAwMDAwMDAwLCJ1cGRhdGUiOjYwMDAwMDAwMDAwMH19",
          "dependencies": [
            "aws_dynamodb_table.fleet_state",
            "aws_iam_role.lambda_role",
            "module.my_lakehouse.aws_s3_bucket.medallion_layers"
          ]
        }
      ]
    },
    {
      "mode": "managed",
      "type": "aws_lambda_permission",
      "name": "allow_bronze_trigger",
      "provider": "provider[\"registry.terraform.io/hashicorp/aws\"]",
      "instances": [
        {
          "schema_version": 0,
          "attributes": {
            "action": "lambda:InvokeFunction",
            "event_source_token": null,
            "function_name": "ev-fleet-transformer",
            "function_url_auth_type": null,
            "id": "AllowS3Invoke",
            "invoked_via_function_url": null,
            "principal": "s3.amazonaws.com",
            "principal_org_id": null,
            "qualifier": "",
            "region": "eu-west-1",
            "source_account": null,
            "source_arn": "arn:aws:s3:::ev-fleet-bronze-00cc42d3",
            "statement_id": "AllowS3Invoke",
            "statement_id_prefix": ""
          },
          "sensitive_attributes": [],
          "identity_schema_version": 0,
          "identity": {
            "account_id": "202564564111",
            "function_name": "ev-fleet-transformer",
            "qualifier": null,
            "region": "eu-west-1",
            "statement_id": "AllowS3Invoke"
          },
          "private": "eyJzY2hlbWFfdmVyc2lvbiI6IjAifQ==",
          "dependencies": [
            "aws_dynamodb_table.fleet_state",
            "aws_iam_role.lambda_role",
            "aws_lambda_function.transformer",
            "module.my_lakehouse.aws_s3_bucket.medallion_layers"
          ]
        }
      ]
    },
    {
      "mode": "managed",
      "type": "aws_lambda_permission",
      "name": "allow_eventbridge",
      "provider": "provider[\"registry.terraform.io/hashicorp/aws\"]",
      "instances": [
        {
          "schema_version": 0,
          "attributes": {
            "action": "lambda:InvokeFunction",
            "event_source_token": null,
            "function_name": "ev-fleet-gold-aggregator",
            "function_url_auth_type": null,
            "id": "AllowEventBridgeInvoke",
            "invoked_via_function_url": null,
            "principal": "events.amazonaws.com",
            "principal_org_id": null,
            "qualifier": "",
            "region": "eu-west-1",
            "source_account": null,
            "source_arn": "arn:aws:events:eu-west-1:202564564111:rule/ev-fleet-gold-schedule",
            "statement_id": "AllowEventBridgeInvoke",
            "statement_id_prefix": ""
          },
          "sensitive_attributes": [],
          "identity_schema_version": 0,
          "identity": {
            "account_id": "202564564111",
            "function_name": "ev-fleet-gold-aggregator",
            "qualifier": null,
            "region": "eu-west-1",
            "statement_id": "AllowEventBridgeInvoke"
          },
          "private": "eyJzY2hlbWFfdmVyc2lvbiI6IjAifQ==",
          "dependencies": [
            "aws_athena_workgroup.ev_fleet",
            "aws_cloudwatch_event_rule.gold_schedule",
            "aws_glue_catalog_database.ev_fleet",
            "aws_iam_role.lambda_role",
            "aws_lambda_function.gold_aggregator",
            "aws_s3_bucket.athena_results",
            "module.my_lakehouse.aws_s3_bucket.medallion_layers"
          ]
        }
      ]
    },
    {
      "mode": "managed",
      "type": "aws_lambda_permission",
      "name": "allow_eventbridge_optimizer",
      "provider": "provider[\"registry.terraform.io/hashicorp/aws\"]",
      "instances": [
        {
          "schema_version": 0,
          "attributes": {
            "action": "lambda:InvokeFunction",
            "event_source_token": null,
            "function_name": "ev-fleet-optimizer",
            "function_url_auth_type": null,
            "id": "AllowEventBridgeInvokeOptimizer",
            "invoked_via_function_url": null,
            "principal": "events.amazonaws.com",
            "principal_org_id": null,
            "qualifier": "",
            "region": "eu-west-1",
            "source_account": null,
            "source_arn": "arn:aws:events:eu-west-1:202564564111:rule/ev-fleet-optimizer-schedule",
            "statement_id": "AllowEventBridgeInvokeOptimizer",
            "statement_id_prefix": ""
          },
          "sensitive_attributes": [],
          "identity_schema_version": 0,
          "identity": {
            "account_id": "202564564111",
            "function_name": "ev-fleet-optimizer",
            "qualifier": null,
            "region": "eu-west-1",
            "statement_id": "AllowEventBridgeInvokeOptimizer"
          },
          "private": "eyJzY2hlbWFfdmVyc2lvbiI6IjAifQ==",
          "dependencies": [
            "aws_cloudwatch_event_rule.optimizer_schedule",
            "aws_dynamodb_table.fleet_state",
            "aws_iam_role.lambda_role",
            "aws_lambda_function.optimizer",
            "module.my_lakehouse.aws_s3_bucket.medallion_layers"
          ]
        }
      ]
    },
    {
      "mode": "managed",
      "type": "aws_lambda_permission",
      "name": "api_gw",
      "provider": "provider[\"registry.terraform.io/hashicorp/aws\"]",
      "instances": [
        {
          "schema_version": 0,
          "attributes": {
            "action": "lambda:InvokeFunction",
            "event_source_token": null,
            "function_name": "ev-fleet-ingestor",
            "function_url_auth_type": null,
            "id": "AllowExecutionFromAPIGateway",
            "invoked_via_function_url": null,
            "principal": "apigateway.amazonaws.com",
            "principal_org_id": null,
            "qualifier": "",
            "region": "eu-west-1",
            "source_account": null,
            "source_arn": "arn:aws:execute-api:eu-west-1:202564564111:k7gzfb23ch/*/*",
            "statement_id": "AllowExecutionFromAPIGateway",
            "statement_id_prefix": ""
          },
          "sensitive_attributes": [],
          "identity_schema_version": 0,
          "identity": {
            "account_id": "202564564111",
            "function_name": "ev-fleet-ingestor",
            "qualifier": null,
            "region": "eu-west-1",
            "statement_id": "AllowExecutionFromAPIGateway"
          },
          "private": "bnVsbA==",
          "dependencies": [
            "aws_apigatewayv2_api.telemetry_api",
            "aws_iam_role.lambda_role",
            "aws_lambda_function.ingestor",
            "module.my_lakehouse.aws_s3_bucket.medallion_layers"
          ]
        }
      ]
    },
    {
      "mode": "managed",
      "type": "aws_s3_bucket",
      "name": "athena_results",
      "provider": "provider[\"registry.terraform.io/hashicorp/aws\"]",
      "instances": [
        {
          "schema_version": 0,
          "attributes": {
            "acceleration_status": "",
            "acl": null,
            "arn": "arn:aws:s3:::ev-fleet-optimizer-athena-results-00cc42d3",
            "bucket": "ev-fleet-optimizer-athena-results-00cc42d3",
            "bucket_domain_name": "ev-fleet-optimizer-athena-results-00cc42d3.s3.amazonaws.com",
            "bucket_prefix": "",
            "bucket_region": "eu-west-1",
            "bucket_regional_domain_name": "ev-fleet-optimizer-athena-results-00cc42d3.s3.eu-west-1.amazonaws.com",
            "cors_rule": [],
            "force_destroy": true,
            "grant": [
              {
                "id": "1007f1bf267352614276f17ae4e2b4ca4db230b395c7f70ef6c112bc9e74ff65",
                "permissions": [
                  "FULL_CONTROL"
                ],
                "type": "CanonicalUser",
                "uri": ""
              }
            ],
            "hosted_zone_id": "Z1BKCTXD74EZPE",
            "id": "ev-fleet-optimizer-athena-results-00cc42d3",
            "lifecycle_rule": [],
            "logging": [],
            "object_lock_configuration": [],
            "object_lock_enabled": false,
            "policy": "",
            "region": "eu-west-1",
            "replication_configuration": [],
            "request_payer": "BucketOwner",
            "server_side_encryption_configuration": [
              {
                "rule": [
                  {
                    "apply_server_side_encryption_by_default": [
                      {
                        "kms_master_key_id": "",
                        "sse_algorithm": "AES256"
                      }
                    ],
                    "bucket_key_enabled": false
                  }
                ]
              }
            ],
            "tags": {},
            "tags_all": {},
            "timeouts": null,
            "versioning": [
              {
                "enabled": false,
                "mfa_delete": false
              }
            ],
            "website": [],
            "website_domain": null,
            "website_endpoint": null
          },
          "sensitive_attributes": [],
          "identity_schema_version": 0,
          "identity": {
            "account_id": "202564564111",
            "bucket": "ev-fleet-optimizer-athena-results-00cc42d3",
            "region": "eu-west-1"
          },
          "private": "eyJlMmJmYjczMC1lY2FhLTExZTYtOGY4OC0zNDM2M2JjN2M0YzAiOnsiY3JlYXRlIjoxMjAwMDAwMDAwMDAwLCJkZWxldGUiOjM2MDAwMDAwMDAwMDAsInJlYWQiOjEyMDAwMDAwMDAwMDAsInVwZGF0ZSI6MTIwMDAwMDAwMDAwMH19"
        }
      ]
    },
    {
      "mode": "managed",
      "type": "aws_s3_bucket_notification",
      "name": "bronze_trigger",
      "provider": "provider[\"registry.terraform.io/hashicorp/aws\"]",
      "instances": [
        {
          "schema_version": 0,
          "attributes": {
            "bucket": "ev-fleet-bronze-00cc42d3",
            "eventbridge": false,
            "id": "ev-fleet-bronze-00cc42d3",
            "lambda_function": [
              {
                "events": [
                  "s3:ObjectCreated:*"
                ],
                "filter_prefix": "",
                "filter_suffix": "",
                "id": "tf-s3-lambda-20260320125455605100000001",
                "lambda_function_arn": "arn:aws:lambda:eu-west-1:202564564111:function:ev-fleet-transformer"
              }
            ],
            "queue": [],
            "region": "eu-west-1",
            "topic": []
          },
          "sensitive_attributes": [],
          "identity_schema_version": 0,
          "identity": {
            "account_id": "202564564111",
            "bucket": "ev-fleet-bronze-00cc42d3",
            "region": "eu-west-1"
          },
          "private": "bnVsbA==",
          "dependencies": [
            "aws_dynamodb_table.fleet_state",
            "aws_iam_role.lambda_role",
            "aws_lambda_function.transformer",
            "aws_lambda_permission.allow_bronze_trigger",
            "module.my_lakehouse.aws_s3_bucket.medallion_layers"
          ]
        }
      ]
    },
    {
      "mode": "managed",
      "type": "aws_sqs_queue",
      "name": "telemetry_dlq",
      "provider": "provider[\"registry.terraform.io/hashicorp/aws\"]",
      "instances": [
        {
          "schema_version": 0,
          "attributes": {
            "arn": "arn:aws:sqs:eu-west-1:202564564111:ev-fleet-telemetry-dlq",
            "content_based_deduplication": false,
            "deduplication_scope": "",
            "delay_seconds": 0,
            "fifo_queue": false,
            "fifo_throughput_limit": "",
            "id": "https://sqs.eu-west-1.amazonaws.com/202564564111/ev-fleet-telemetry-dlq",
            "kms_data_key_reuse_period_seconds": 300,
            "kms_master_key_id": "",
            "max_message_size": 262144,
            "message_retention_seconds": 1209600,
            "name": "ev-fleet-telemetry-dlq",
            "name_prefix": "",
            "policy": "",
            "receive_wait_time_seconds": 0,
            "redrive_allow_policy": "",
            "redrive_policy": "",
            "region": "eu-west-1",
            "sqs_managed_sse_enabled": true,
            "tags": {},
            "tags_all": {},
            "timeouts": null,
            "url": "https://sqs.eu-west-1.amazonaws.com/202564564111/ev-fleet-telemetry-dlq",
            "visibility_timeout_seconds": 30
          },
          "sensitive_attributes": [],
          "identity_schema_version": 1,
          "identity": {
            "url": "https://sqs.eu-west-1.amazonaws.com/202564564111/ev-fleet-telemetry-dlq"
          },
          "private": "eyJlMmJmYjczMC1lY2FhLTExZTYtOGY4OC0zNDM2M2JjN2M0YzAiOnsiY3JlYXRlIjoxODAwMDAwMDAwMDAsImRlbGV0ZSI6MTgwMDAwMDAwMDAwLCJ1cGRhdGUiOjE4MDAwMDAwMDAwMH19"
        }
      ]
    },
    {
      "mode": "managed",
      "type": "aws_sqs_queue",
      "name": "telemetry_queue",
      "provider": "provider[\"registry.terraform.io/hashicorp/aws\"]",
      "instances": [
        {
          "schema_version": 0,
          "attributes": {
            "arn": "arn:aws:sqs:eu-west-1:202564564111:ev-fleet-telemetry-queue",
            "content_based_deduplication": false,
            "deduplication_scope": "",
            "delay_seconds": 0,
            "fifo_queue": false,
            "fifo_throughput_limit": "",
            "id": "https://sqs.eu-west-1.amazonaws.com/202564564111/ev-fleet-telemetry-queue",
            "kms_data_key_reuse_period_seconds": 300,
            "kms_master_key_id": "",
            "max_message_size": 262144,
            "message_retention_seconds": 86400,
            "name": "ev-fleet-telemetry-queue",
            "name_prefix": "",
            "policy": "{\"Statement\":[{\"Action\":\"sqs:SendMessage\",\"Effect\":\"Allow\",\"Principal\":{\"Service\":\"apigateway.amazonaws.com\"},\"Resource\":\"arn:aws:sqs:eu-west-1:202564564111:ev-fleet-telemetry-queue\"}],\"Version\":\"2012-10-17\"}",
            "receive_wait_time_seconds": 0,
            "redrive_allow_policy": "",
            "redrive_policy": "{\"deadLetterTargetArn\":\"arn:aws:sqs:eu-west-1:202564564111:ev-fleet-telemetry-dlq\",\"maxReceiveCount\":3}",
            "region": "eu-west-1",
            "sqs_managed_sse_enabled": true,
            "tags": {},
            "tags_all": {},
            "timeouts": null,
            "url": "https://sqs.eu-west-1.amazonaws.com/202564564111/ev-fleet-telemetry-queue",
            "visibility_timeout_seconds": 30
          },
          "sensitive_attributes": [],
          "identity_schema_version": 1,
          "identity": {
            "url": "https://sqs.eu-west-1.amazonaws.com/202564564111/ev-fleet-telemetry-queue"
          },
          "private": "eyJlMmJmYjczMC1lY2FhLTExZTYtOGY4OC0zNDM2M2JjN2M0YzAiOnsiY3JlYXRlIjoxODAwMDAwMDAwMDAsImRlbGV0ZSI6MTgwMDAwMDAwMDAwLCJ1cGRhdGUiOjE4MDAwMDAwMDAwMH19",
          "dependencies": [
            "aws_sqs_queue.telemetry_dlq"
          ]
        }
      ]
    },
    {
      "mode": "managed",
      "type": "aws_sqs_queue_policy",
      "name": "telemetry_queue_policy",
      "provider": "provider[\"registry.terraform.io/hashicorp/aws\"]",
      "instances": [
        {
          "schema_version": 1,
          "attributes": {
            "id": "https://sqs.eu-west-1.amazonaws.com/202564564111/ev-fleet-telemetry-queue",
            "policy": "{\"Statement\":[{\"Action\":\"sqs:SendMessage\",\"Effect\":\"Allow\",\"Principal\":{\"Service\":\"apigateway.amazonaws.com\"},\"Resource\":\"arn:aws:sqs:eu-west-1:202564564111:ev-fleet-telemetry-queue\"}],\"Version\":\"2012-10-17\"}",
            "queue_url": "https://sqs.eu-west-1.amazonaws.com/202564564111/ev-fleet-telemetry-queue",
            "region": "eu-west-1"
          },
          "sensitive_attributes": [],
          "identity_schema_version": 1,
          "identity": {
            "queue_url": "https://sqs.eu-west-1.amazonaws.com/202564564111/ev-fleet-telemetry-queue"
          },
          "private": "eyJzY2hlbWFfdmVyc2lvbiI6IjEifQ==",
          "dependencies": [
            "aws_sqs_queue.telemetry_dlq",
            "aws_sqs_queue.telemetry_queue"
          ]
        }
      ]
    },
    {
      "module": "module.my_lakehouse",
      "mode": "managed",
      "type": "aws_s3_bucket",
      "name": "medallion_layers",
      "provider": "provider[\"registry.terraform.io/hashicorp/aws\"]",
      "instances": [
        {
          "index_key": "bronze",
          "schema_version": 0,
          "attributes": {
            "acceleration_status": "",
            "acl": null,
            "arn": "arn:aws:s3:::ev-fleet-bronze-00cc42d3",
            "bucket": "ev-fleet-bronze-00cc42d3",
            "bucket_domain_name": "ev-fleet-bronze-00cc42d3.s3.amazonaws.com",
            "bucket_prefix": "",
            "bucket_region": "eu-west-1",
            "bucket_regional_domain_name": "ev-fleet-bronze-00cc42d3.s3.eu-west-1.amazonaws.com",
            "cors_rule": [],
            "force_destroy": false,
            "grant": [
              {
                "id": "1007f1bf267352614276f17ae4e2b4ca4db230b395c7f70ef6c112bc9e74ff65",
                "permissions": [
                  "FULL_CONTROL"
                ],
                "type": "CanonicalUser",
                "uri": ""
              }
            ],
            "hosted_zone_id": "Z1BKCTXD74EZPE",
            "id": "ev-fleet-bronze-00cc42d3",
            "lifecycle_rule": [],
            "logging": [],
            "object_lock_configuration": [],
            "object_lock_enabled": false,
            "policy": "",
            "region": "eu-west-1",
            "replication_configuration": [],
            "request_payer": "BucketOwner",
            "server_side_encryption_configuration": [
              {
                "rule": [
                  {
                    "apply_server_side_encryption_by_default": [
                      {
                        "kms_master_key_id": "",
                        "sse_algorithm": "AES256"
                      }
                    ],
                    "bucket_key_enabled": false
                  }
                ]
              }
            ],
            "tags": {},
            "tags_all": {},
            "timeouts": null,
            "versioning": [
              {
                "enabled": false,
                "mfa_delete": false
              }
            ],
            "website": [],
            "website_domain": null,
            "website_endpoint": null
          },
          "sensitive_attributes": [],
          "identity_schema_version": 0,
          "identity": {
            "account_id": "202564564111",
            "bucket": "ev-fleet-bronze-00cc42d3",
            "region": "eu-west-1"
          },
          "private": "eyJlMmJmYjczMC1lY2FhLTExZTYtOGY4OC0zNDM2M2JjN2M0YzAiOnsiY3JlYXRlIjoxMjAwMDAwMDAwMDAwLCJkZWxldGUiOjM2MDAwMDAwMDAwMDAsInJlYWQiOjEyMDAwMDAwMDAwMDAsInVwZGF0ZSI6MTIwMDAwMDAwMDAwMH0sInNjaGVtYV92ZXJzaW9uIjoiMCJ9"
        },
        {
          "index_key": "gold",
          "schema_version": 0,
          "attributes": {
            "acceleration_status": "",
            "acl": null,
            "arn": "arn:aws:s3:::ev-fleet-gold-00cc42d3",
            "bucket": "ev-fleet-gold-00cc42d3",
            "bucket_domain_name": "ev-fleet-gold-00cc42d3.s3.amazonaws.com",
            "bucket_prefix": "",
            "bucket_region": "eu-west-1",
            "bucket_regional_domain_name": "ev-fleet-gold-00cc42d3.s3.eu-west-1.amazonaws.com",
            "cors_rule": [],
            "force_destroy": false,
            "grant": [
              {
                "id": "1007f1bf267352614276f17ae4e2b4ca4db230b395c7f70ef6c112bc9e74ff65",
                "permissions": [
                  "FULL_CONTROL"
                ],
                "type": "CanonicalUser",
                "uri": ""
              }
            ],
            "hosted_zone_id": "Z1BKCTXD74EZPE",
            "id": "ev-fleet-gold-00cc42d3",
            "lifecycle_rule": [],
            "logging": [],
            "object_lock_configuration": [],
            "object_lock_enabled": false,
            "policy": "",
            "region": "eu-west-1",
            "replication_configuration": [],
            "request_payer": "BucketOwner",
            "server_side_encryption_configuration": [
              {
                "rule": [
                  {
                    "apply_server_side_encryption_by_default": [
                      {
                        "kms_master_key_id": "",
                        "sse_algorithm": "AES256"
                      }
                    ],
                    "bucket_key_enabled": false
                  }
                ]
              }
            ],
            "tags": {},
            "tags_all": {},
            "timeouts": null,
            "versioning": [
              {
                "enabled": false,
                "mfa_delete": false
              }
            ],
            "website": [],
            "website_domain": null,
            "website_endpoint": null
          },
          "sensitive_attributes": [],
          "identity_schema_version": 0,
          "identity": {
            "account_id": "202564564111",
            "bucket": "ev-fleet-gold-00cc42d3",
            "region": "eu-west-1"
          },
          "private": "eyJlMmJmYjczMC1lY2FhLTExZTYtOGY4OC0zNDM2M2JjN2M0YzAiOnsiY3JlYXRlIjoxMjAwMDAwMDAwMDAwLCJkZWxldGUiOjM2MDAwMDAwMDAwMDAsInJlYWQiOjEyMDAwMDAwMDAwMDAsInVwZGF0ZSI6MTIwMDAwMDAwMDAwMH0sInNjaGVtYV92ZXJzaW9uIjoiMCJ9"
        },
        {
          "index_key": "silver",
          "schema_version": 0,
          "attributes": {
            "acceleration_status": "",
            "acl": null,
            "arn": "arn:aws:s3:::ev-fleet-silver-00cc42d3",
            "bucket": "ev-fleet-silver-00cc42d3",
            "bucket_domain_name": "ev-fleet-silver-00cc42d3.s3.amazonaws.com",
            "bucket_prefix": "",
            "bucket_region": "eu-west-1",
            "bucket_regional_domain_name": "ev-fleet-silver-00cc42d3.s3.eu-west-1.amazonaws.com",
            "cors_rule": [],
            "force_destroy": false,
            "grant": [
              {
                "id": "1007f1bf267352614276f17ae4e2b4ca4db230b395c7f70ef6c112bc9e74ff65",
                "permissions": [
                  "FULL_CONTROL"
                ],
                "type": "CanonicalUser",
                "uri": ""
              }
            ],
            "hosted_zone_id": "Z1BKCTXD74EZPE",
            "id": "ev-fleet-silver-00cc42d3",
            "lifecycle_rule": [],
            "logging": [],
            "object_lock_configuration": [],
            "object_lock_enabled": false,
            "policy": "",
            "region": "eu-west-1",
            "replication_configuration": [],
            "request_payer": "BucketOwner",
            "server_side_encryption_configuration": [
              {
                "rule": [
                  {
                    "apply_server_side_encryption_by_default": [
                      {
                        "kms_master_key_id": "",
                        "sse_algorithm": "AES256"
                      }
                    ],
                    "bucket_key_enabled": false
                  }
                ]
              }
            ],
            "tags": {},
            "tags_all": {},
            "timeouts": null,
            "versioning": [
              {
                "enabled": false,
                "mfa_delete": false
              }
            ],
            "website": [],
            "website_domain": null,
            "website_endpoint": null
          },
          "sensitive_attributes": [],
          "identity_schema_version": 0,
          "identity": {
            "account_id": "202564564111",
            "bucket": "ev-fleet-silver-00cc42d3",
            "region": "eu-west-1"
          },
          "private": "eyJlMmJmYjczMC1lY2FhLTExZTYtOGY4OC0zNDM2M2JjN2M0YzAiOnsiY3JlYXRlIjoxMjAwMDAwMDAwMDAwLCJkZWxldGUiOjM2MDAwMDAwMDAwMDAsInJlYWQiOjEyMDAwMDAwMDAwMDAsInVwZGF0ZSI6MTIwMDAwMDAwMDAwMH0sInNjaGVtYV92ZXJzaW9uIjoiMCJ9"
        }
      ]
    }
  ],
  "check_results": null
}
