{
  "version": 4,
  "terraform_version": "1.14.6",
  "serial": 36,
  "lineage": "eb43497e-01bc-c581-9cb9-f07612e716f0",
  "outputs": {
    "api_endpoint": {
      "value": "https://k7gzfb23ch.execute-api.eu-west-1.amazonaws.com/telemetry",
      "type": "string"
    }
  },
  "resources": [
    {
      "mode": "managed",
      "type": "aws_apigatewayv2_api",
      "name": "telemetry_api",
      "provider": "provider[\"registry.terraform.io/hashicorp/aws\"]",
      "instances": [
        {
          "schema_version": 0,
          "attributes": {
            "api_endpoint": "https://k7gzfb23ch.execute-api.eu-west-1.amazonaws.com",
            "api_key_selection_expression": "$request.header.x-api-key",
            "arn": "arn:aws:apigateway:eu-west-1::/apis/k7gzfb23ch",
            "body": null,
            "cors_configuration": [],
            "credentials_arn": null,
            "description": "",
            "disable_execute_api_endpoint": false,
            "execution_arn": "arn:aws:execute-api:eu-west-1:202564564111:k7gzfb23ch",
            "fail_on_warnings": null,
            "id": "k7gzfb23ch",
            "ip_address_type": "ipv4",
            "name": "ev-fleet-optimizer-telemetry-api",
            "protocol_type": "HTTP",
            "region": "eu-west-1",
            "route_key": null,
            "route_selection_expression": "$request.method $request.path",
            "tags": {},
            "tags_all": {},
            "target": null,
            "version": ""
          },
          "sensitive_attributes": [],
          "identity_schema_version": 0,
          "private": "bnVsbA=="
        }
      ]
    },
    {
      "mode": "managed",
      "type": "aws_apigatewayv2_integration",
      "name": "lambda_integration",
      "provider": "provider[\"registry.terraform.io/hashicorp/aws\"]",
      "instances": [
        {
          "schema_version": 0,
          "attributes": {
            "api_id": "k7gzfb23ch",
            "connection_id": "",
            "connection_type": "INTERNET",
            "content_handling_strategy": "",
            "credentials_arn": "",
            "description": "",
            "id": "zjod84k",
            "integration_method": "POST",
            "integration_response_selection_expression": "",
            "integration_subtype": "",
            "integration_type": "AWS_PROXY",
            "integration_uri": "arn:aws:apigateway:eu-west-1:lambda:path/2015-03-31/functions/arn:aws:lambda:eu-west-1:202564564111:function:ev-fleet-optimizer-ingestor/invocations",
            "passthrough_behavior": "",
            "payload_format_version": "1.0",
            "region": "eu-west-1",
            "request_parameters": {},
            "request_templates": {},
            "response_parameters": [],
            "template_selection_expression": "",
            "timeout_milliseconds": 30000,
            "tls_config": []
          },
          "sensitive_attributes": [],
          "identity_schema_version": 0,
          "private": "bnVsbA==",
          "dependencies": [
            "aws_apigatewayv2_api.telemetry_api",
            "aws_lambda_function.ingestor",
            "module.my_lakehouse.aws_iam_role.lambda_role",
            "module.my_lakehouse.aws_s3_bucket.medallion_layers",
            "module.my_lakehouse.random_id.suffix"
          ]
        }
      ]
    },
    {
      "mode": "managed",
      "type": "aws_apigatewayv2_route",
      "name": "post_telemetry",
      "provider": "provider[\"registry.terraform.io/hashicorp/aws\"]",
      "instances": [
        {
          "schema_version": 0,
          "attributes": {
            "api_id": "k7gzfb23ch",
            "api_key_required": false,
            "authorization_scopes": [],
            "authorization_type": "NONE",
            "authorizer_id": "",
            "id": "4et2noe",
            "model_selection_expression": "",
            "operation_name": "",
            "region": "eu-west-1",
            "request_models": {},
            "request_parameter": [],
            "route_key": "POST /telemetry",
            "route_response_selection_expression": "",
            "target": "integrations/zjod84k"
          },
          "sensitive_attributes": [],
          "identity_schema_version": 0,
          "private": "bnVsbA==",
          "dependencies": [
            "aws_apigatewayv2_api.telemetry_api",
            "aws_apigatewayv2_integration.lambda_integration",
            "aws_lambda_function.ingestor",
            "module.my_lakehouse.aws_iam_role.lambda_role",
            "module.my_lakehouse.aws_s3_bucket.medallion_layers",
            "module.my_lakehouse.random_id.suffix"
          ]
        }
      ]
    },
    {
      "mode": "managed",
      "type": "aws_apigatewayv2_stage",
      "name": "default",
      "provider": "provider[\"registry.terraform.io/hashicorp/aws\"]",
      "instances": [
        {
          "schema_version": 0,
          "attributes": {
            "access_log_settings": [],
            "api_id": "k7gzfb23ch",
            "arn": "arn:aws:apigateway:eu-west-1::/apis/k7gzfb23ch/stages/$default",
            "auto_deploy": true,
            "client_certificate_id": "",
            "default_route_settings": [
              {
                "data_trace_enabled": false,
                "detailed_metrics_enabled": false,
                "logging_level": "",
                "throttling_burst_limit": 0,
                "throttling_rate_limit": 0
              }
            ],
            "deployment_id": "zrjihr",
            "description": "",
            "execution_arn": "arn:aws:execute-api:eu-west-1:202564564111:k7gzfb23ch/$default",
            "id": "$default",
            "invoke_url": "https://k7gzfb23ch.execute-api.eu-west-1.amazonaws.com/",
            "name": "$default",
            "region": "eu-west-1",
            "route_settings": [],
            "stage_variables": {},
            "tags": {},
            "tags_all": {}
          },
          "sensitive_attributes": [],
          "identity_schema_version": 0,
          "private": "bnVsbA==",
          "dependencies": [
            "aws_apigatewayv2_api.telemetry_api"
          ]
        }
      ]
    },
    {
      "mode": "managed",
      "type": "aws_iam_role_policy",
      "name": "lambda_s3_access",
      "provider": "provider[\"registry.terraform.io/hashicorp/aws\"]",
      "instances": [
        {
          "schema_version": 0,
          "attributes": {
            "id": "ev-fleet-lambda-role:ev-fleet-optimizer-lambda-s3-policy",
            "name": "ev-fleet-optimizer-lambda-s3-policy",
            "name_prefix": "",
            "policy": "{\"Version\":\"2012-10-17\",\"Statement\":[{\"Action\":\"s3:PutObject\",\"Effect\":\"Allow\",\"Resource\":\"arn:aws:s3:::ev-fleet-bronze-bd7fab51/*\"},{\"Action\":[\"s3:GetObject\",\"s3:PutObject\"],\"Effect\":\"Allow\",\"Resource\":[\"arn:aws:s3:::ev-fleet-silver-bd7fab51/*\"]}]}",
            "role": "ev-fleet-lambda-role"
          },
          "sensitive_attributes": [],
          "identity_schema_version": 0,
          "identity": {
            "account_id": "202564564111",
            "name": "ev-fleet-optimizer-lambda-s3-policy",
            "role": "ev-fleet-lambda-role"
          },
          "private": "bnVsbA==",
          "dependencies": [
            "module.my_lakehouse.aws_iam_role.lambda_role",
            "module.my_lakehouse.aws_s3_bucket.medallion_layers",
            "module.my_lakehouse.random_id.suffix"
          ]
        }
      ]
    },
    {
      "mode": "managed",
      "type": "aws_lambda_function",
      "name": "ingestor",
      "provider": "provider[\"registry.terraform.io/hashicorp/aws\"]",
      "instances": [
        {
          "schema_version": 0,
          "attributes": {
            "architectures": [
              "x86_64"
            ],
            "arn": "arn:aws:lambda:eu-west-1:202564564111:function:ev-fleet-optimizer-ingestor",
            "capacity_provider_config": [],
            "code_sha256": "LRqiVtyF1pD9OiryTdeJWdGHKyvnnxRU+ifM1o/oq50=",
            "code_signing_config_arn": "",
            "dead_letter_config": [],
            "description": "",
            "durable_config": [],
            "environment": [
              {
                "variables": {
                  "BRONZE_BUCKET_NAME": "ev-fleet-bronze-bd7fab51"
                }
              }
            ],
            "ephemeral_storage": [
              {
                "size": 512
              }
            ],
            "file_system_config": [],
            "filename": "./modules/dummy_lambda.zip",
            "function_name": "ev-fleet-optimizer-ingestor",
            "handler": "index.handler",
            "id": "ev-fleet-optimizer-ingestor",
            "image_config": [],
            "image_uri": "",
            "invoke_arn": "arn:aws:apigateway:eu-west-1:lambda:path/2015-03-31/functions/arn:aws:lambda:eu-west-1:202564564111:function:ev-fleet-optimizer-ingestor/invocations",
            "kms_key_arn": "",
            "last_modified": "2026-03-20T09:46:02.000+0000",
            "layers": [],
            "logging_config": [
              {
                "application_log_level": "",
                "log_format": "Text",
                "log_group": "/aws/lambda/ev-fleet-optimizer-ingestor",
                "system_log_level": ""
              }
            ],
            "memory_size": 128,
            "package_type": "Zip",
            "publish": false,
            "publish_to": null,
            "qualified_arn": "arn:aws:lambda:eu-west-1:202564564111:function:ev-fleet-optimizer-ingestor:$LATEST",
            "qualified_invoke_arn": "arn:aws:apigateway:eu-west-1:lambda:path/2015-03-31/functions/arn:aws:lambda:eu-west-1:202564564111:function:ev-fleet-optimizer-ingestor:$LATEST/invocations",
            "region": "eu-west-1",
            "replace_security_groups_on_destroy": null,
            "replacement_security_group_ids": null,
            "reserved_concurrent_executions": -1,
            "response_streaming_invoke_arn": "arn:aws:apigateway:eu-west-1:lambda:path/2021-11-15/functions/arn:aws:lambda:eu-west-1:202564564111:function:ev-fleet-optimizer-ingestor/response-streaming-invocations",
            "role": "arn:aws:iam::202564564111:role/ev-fleet-lambda-role",
            "runtime": "python3.11",
            "s3_bucket": null,
            "s3_key": null,
            "s3_object_version": null,
            "signing_job_arn": "",
            "signing_profile_version_arn": "",
            "skip_destroy": false,
            "snap_start": [],
            "source_code_hash": "LRqiVtyF1pD9OiryTdeJWdGHKyvnnxRU+ifM1o/oq50=",
            "source_code_size": 825,
            "source_kms_key_arn": "",
            "tags": {},
            "tags_all": {},
            "tenancy_config": [],
            "timeout": 3,
            "timeouts": null,
            "tracing_config": [
              {
                "mode": "Active"
              }
            ],
            "version": "$LATEST",
            "vpc_config": []
          },
          "sensitive_attributes": [],
          "identity_schema_version": 0,
          "identity": {
            "account_id": "202564564111",
            "function_name": "ev-fleet-optimizer-ingestor",
            "region": "eu-west-1"
          },
          "private": "eyJlMmJmYjczMC1lY2FhLTExZTYtOGY4OC0zNDM2M2JjN2M0YzAiOnsiY3JlYXRlIjo2MDAwMDAwMDAwMDAsImRlbGV0ZSI6NjAwMDAwMDAwMDAwLCJ1cGRhdGUiOjYwMDAwMDAwMDAwMH19",
          "dependencies": [
            "module.my_lakehouse.aws_iam_role.lambda_role",
            "module.my_lakehouse.aws_s3_bucket.medallion_layers",
            "module.my_lakehouse.random_id.suffix"
          ]
        }
      ]
    },
    {
      "mode": "managed",
      "type": "aws_lambda_function",
      "name": "transformer",
      "provider": "provider[\"registry.terraform.io/hashicorp/aws\"]",
      "instances": [
        {
          "schema_version": 0,
          "attributes": {
            "architectures": [
              "x86_64"
            ],
            "arn": "arn:aws:lambda:eu-west-1:202564564111:function:ev-fleet-optimizer-transformer",
            "capacity_provider_config": [],
            "code_sha256": "VBRPVEz2JlsdE0slKPhWlyI6haV71Zvp9OMzVQowZ60=",
            "code_signing_config_arn": "",
            "dead_letter_config": [],
            "description": "",
            "durable_config": [],
            "environment": [
              {
                "variables": {
                  "SILVER_BUCKET_NAME": "ev-fleet-silver-bd7fab51"
                }
              }
            ],
            "ephemeral_storage": [
              {
                "size": 512
              }
            ],
            "file_system_config": [],
            "filename": "./modules/silver_lambda.zip",
            "function_name": "ev-fleet-optimizer-transformer",
            "handler": "silver_transform.handler",
            "id": "ev-fleet-optimizer-transformer",
            "image_config": [],
            "image_uri": "",
            "invoke_arn": "arn:aws:apigateway:eu-west-1:lambda:path/2015-03-31/functions/arn:aws:lambda:eu-west-1:202564564111:function:ev-fleet-optimizer-transformer/invocations",
            "kms_key_arn": "",
            "last_modified": "2026-03-20T09:46:02.698+0000",
            "layers": [
              "arn:aws:lambda:eu-west-1:336392948345:layer:AWSSDKPandas-Python311:18"
            ],
            "logging_config": [
              {
                "application_log_level": "",
                "log_format": "Text",
                "log_group": "/aws/lambda/ev-fleet-optimizer-transformer",
                "system_log_level": ""
              }
            ],
            "memory_size": 128,
            "package_type": "Zip",
            "publish": false,
            "publish_to": null,
            "qualified_arn": "arn:aws:lambda:eu-west-1:202564564111:function:ev-fleet-optimizer-transformer:$LATEST",
            "qualified_invoke_arn": "arn:aws:apigateway:eu-west-1:lambda:path/2015-03-31/functions/arn:aws:lambda:eu-west-1:202564564111:function:ev-fleet-optimizer-transformer:$LATEST/invocations",
            "region": "eu-west-1",
            "replace_security_groups_on_destroy": null,
            "replacement_security_group_ids": null,
            "reserved_concurrent_executions": -1,
            "response_streaming_invoke_arn": "arn:aws:apigateway:eu-west-1:lambda:path/2021-11-15/functions/arn:aws:lambda:eu-west-1:202564564111:function:ev-fleet-optimizer-transformer/response-streaming-invocations",
            "role": "arn:aws:iam::202564564111:role/ev-fleet-lambda-role",
            "runtime": "python3.11",
            "s3_bucket": null,
            "s3_key": null,
            "s3_object_version": null,
            "signing_job_arn": "",
            "signing_profile_version_arn": "",
            "skip_destroy": false,
            "snap_start": [],
            "source_code_hash": "VBRPVEz2JlsdE0slKPhWlyI6haV71Zvp9OMzVQowZ60=",
            "source_code_size": 1808,
            "source_kms_key_arn": "",
            "tags": {},
            "tags_all": {},
            "tenancy_config": [],
            "timeout": 3,
            "timeouts": null,
            "tracing_config": [
              {
                "mode": "PassThrough"
              }
            ],
            "version": "$LATEST",
            "vpc_config": []
          },
          "sensitive_attributes": [],
          "identity_schema_version": 0,
          "identity": {
            "account_id": "202564564111",
            "function_name": "ev-fleet-optimizer-transformer",
            "region": "eu-west-1"
          },
          "private": "eyJlMmJmYjczMC1lY2FhLTExZTYtOGY4OC0zNDM2M2JjN2M0YzAiOnsiY3JlYXRlIjo2MDAwMDAwMDAwMDAsImRlbGV0ZSI6NjAwMDAwMDAwMDAwLCJ1cGRhdGUiOjYwMDAwMDAwMDAwMH19",
          "dependencies": [
            "module.my_lakehouse.aws_iam_role.lambda_role",
            "module.my_lakehouse.aws_s3_bucket.medallion_layers",
            "module.my_lakehouse.random_id.suffix"
          ]
        }
      ]
    },
    {
      "mode": "managed",
      "type": "aws_lambda_permission",
      "name": "allow_bronze_trigger",
      "provider": "provider[\"registry.terraform.io/hashicorp/aws\"]",
      "instances": [
        {
          "schema_version": 0,
          "attributes": {
            "action": "lambda:InvokeFunction",
            "event_source_token": null,
            "function_name": "ev-fleet-optimizer-transformer",
            "function_url_auth_type": null,
            "id": "AllowS3Invoke",
            "invoked_via_function_url": null,
            "principal": "s3.amazonaws.com",
            "principal_org_id": null,
            "qualifier": "",
            "region": "eu-west-1",
            "source_account": null,
            "source_arn": "arn:aws:s3:::ev-fleet-bronze-bd7fab51",
            "statement_id": "AllowS3Invoke",
            "statement_id_prefix": ""
          },
          "sensitive_attributes": [],
          "identity_schema_version": 0,
          "identity": {
            "account_id": "202564564111",
            "function_name": "ev-fleet-optimizer-transformer",
            "qualifier": null,
            "region": "eu-west-1",
            "statement_id": "AllowS3Invoke"
          },
          "private": "bnVsbA==",
          "dependencies": [
            "aws_lambda_function.transformer",
            "module.my_lakehouse.aws_iam_role.lambda_role",
            "module.my_lakehouse.aws_s3_bucket.medallion_layers",
            "module.my_lakehouse.random_id.suffix"
          ]
        }
      ]
    },
    {
      "mode": "managed",
      "type": "aws_lambda_permission",
      "name": "api_gw",
      "provider": "provider[\"registry.terraform.io/hashicorp/aws\"]",
      "instances": [
        {
          "schema_version": 0,
          "attributes": {
            "action": "lambda:InvokeFunction",
            "event_source_token": null,
            "function_name": "ev-fleet-optimizer-ingestor",
            "function_url_auth_type": null,
            "id": "AllowExecutionFromAPIGateway",
            "invoked_via_function_url": null,
            "principal": "apigateway.amazonaws.com",
            "principal_org_id": null,
            "qualifier": "",
            "region": "eu-west-1",
            "source_account": null,
            "source_arn": "arn:aws:execute-api:eu-west-1:202564564111:k7gzfb23ch/*/*",
            "statement_id": "AllowExecutionFromAPIGateway",
            "statement_id_prefix": ""
          },
          "sensitive_attributes": [],
          "identity_schema_version": 0,
          "identity": {
            "account_id": "202564564111",
            "function_name": "ev-fleet-optimizer-ingestor",
            "qualifier": null,
            "region": "eu-west-1",
            "statement_id": "AllowExecutionFromAPIGateway"
          },
          "private": "bnVsbA==",
          "dependencies": [
            "aws_apigatewayv2_api.telemetry_api",
            "aws_lambda_function.ingestor",
            "module.my_lakehouse.aws_iam_role.lambda_role",
            "module.my_lakehouse.aws_s3_bucket.medallion_layers",
            "module.my_lakehouse.random_id.suffix"
          ]
        }
      ]
    },
    {
      "mode": "managed",
      "type": "aws_s3_bucket_notification",
      "name": "bronze_trigger",
      "provider": "provider[\"registry.terraform.io/hashicorp/aws\"]",
      "instances": [
        {
          "schema_version": 0,
          "attributes": {
            "bucket": "ev-fleet-bronze-bd7fab51",
            "eventbridge": false,
            "id": "ev-fleet-bronze-bd7fab51",
            "lambda_function": [
              {
                "events": [
                  "s3:ObjectCreated:*"
                ],
                "filter_prefix": "",
                "filter_suffix": "",
                "id": "tf-s3-lambda-20260320094610544400000001",
                "lambda_function_arn": "arn:aws:lambda:eu-west-1:202564564111:function:ev-fleet-optimizer-transformer"
              }
            ],
            "queue": [],
            "region": "eu-west-1",
            "topic": []
          },
          "sensitive_attributes": [],
          "identity_schema_version": 0,
          "identity": {
            "account_id": "202564564111",
            "bucket": "ev-fleet-bronze-bd7fab51",
            "region": "eu-west-1"
          },
          "private": "bnVsbA==",
          "dependencies": [
            "aws_lambda_function.transformer",
            "aws_lambda_permission.allow_bronze_trigger",
            "module.my_lakehouse.aws_iam_role.lambda_role",
            "module.my_lakehouse.aws_s3_bucket.medallion_layers",
            "module.my_lakehouse.random_id.suffix"
          ]
        }
      ]
    },
    {
      "module": "module.my_lakehouse",
      "mode": "managed",
      "type": "aws_iam_role",
      "name": "lambda_role",
      "provider": "provider[\"registry.terraform.io/hashicorp/aws\"]",
      "instances": [
        {
          "schema_version": 0,
          "attributes": {
            "arn": "arn:aws:iam::202564564111:role/ev-fleet-lambda-role",
            "assume_role_policy": "{\"Statement\":[{\"Action\":\"sts:AssumeRole\",\"Effect\":\"Allow\",\"Principal\":{\"Service\":\"lambda.amazonaws.com\"}}],\"Version\":\"2012-10-17\"}",
            "create_date": "2026-03-09T09:30:18Z",
            "description": "",
            "force_detach_policies": false,
            "id": "ev-fleet-lambda-role",
            "inline_policy": [
              {
                "name": "ev-fleet-gold-lambda-policy",
                "policy": "{\"Version\":\"2012-10-17\",\"Statement\":[{\"Action\":[\"s3:GetObject\",\"s3:ListBucket\"],\"Effect\":\"Allow\",\"Resource\":[\"arn:aws:s3:::ev-fleet-silver-00cc42d3\",\"arn:aws:s3:::ev-fleet-silver-00cc42d3/*\"]},{\"Action\":[\"s3:PutObject\",\"s3:GetObject\"],\"Effect\":\"Allow\",\"Resource\":\"arn:aws:s3:::ev-fleet-gold-00cc42d3/*\"},{\"Action\":[\"athena:StartQueryExecution\",\"athena:GetQueryExecution\",\"athena:GetQueryResults\"],\"Effect\":\"Allow\",\"Resource\":\"*\"},{\"Action\":[\"s3:PutObject\",\"s3:GetObject\",\"s3:ListBucket\",\"s3:GetBucketLocation\"],\"Effect\":\"Allow\",\"Resource\":[\"arn:aws:s3:::ev-fleet-athena-results-00cc42d3\",\"arn:aws:s3:::ev-fleet-athena-results-00cc42d3/*\"]},{\"Action\":[\"glue:GetTable\",\"glue:GetDatabase\",\"glue:GetPartitions\",\"glue:GetPartition\"],\"Effect\":\"Allow\",\"Resource\":\"*\"}]}"
              },
              {
                "name": "ev-fleet-lambda-dynamodb-policy",
                "policy": "{\"Version\":\"2012-10-17\",\"Statement\":[{\"Action\":[\"dynamodb:PutItem\",\"dynamodb:GetItem\",\"dynamodb:UpdateItem\",\"dynamodb:Scan\",\"dynamodb:Query\",\"dynamodb:BatchWriteItem\"],\"Effect\":\"Allow\",\"Resource\":\"arn:aws:dynamodb:eu-west-1:202564564111:table/ev-fleet-fleet-state\"}]}"
              },
              {
                "name": "ev-fleet-lambda-s3-policy",
                "policy": "{\"Version\":\"2012-10-17\",\"Statement\":[{\"Action\":[\"s3:PutObject\"],\"Effect\":\"Allow\",\"Resource\":\"arn:aws:s3:::ev-fleet-bronze-00cc42d3/*\"},{\"Action\":[\"s3:GetObject\"],\"Effect\":\"Allow\",\"Resource\":\"arn:aws:s3:::ev-fleet-bronze-00cc42d3/*\"},{\"Action\":[\"s3:GetObject\",\"s3:PutObject\",\"s3:DeleteObject\"],\"Effect\":\"Allow\",\"Resource\":\"arn:aws:s3:::ev-fleet-silver-00cc42d3/*\"},{\"Action\":[\"s3:ListBucket\"],\"Effect\":\"Allow\",\"Resource\":[\"arn:aws:s3:::ev-fleet-bronze-00cc42d3\",\"arn:aws:s3:::ev-fleet-silver-00cc42d3\"]}]}"
              },
              {
                "name": "ev-fleet-lambda-sqs-policy",
                "policy": "{\"Version\":\"2012-10-17\",\"Statement\":[{\"Action\":[\"sqs:ReceiveMessage\",\"sqs:DeleteMessage\",\"sqs:GetQueueAttributes\"],\"Effect\":\"Allow\",\"Resource\":\"arn:aws:sqs:eu-west-1:202564564111:ev-fleet-telemetry-queue\"}]}"
              },
              {
                "name": "ev-fleet-optimizer-lambda-s3-policy",
                "policy": "{\"Version\":\"2012-10-17\",\"Statement\":[{\"Action\":\"s3:PutObject\",\"Effect\":\"Allow\",\"Resource\":\"arn:aws:s3:::ev-fleet-bronze-bd7fab51/*\"},{\"Action\":[\"s3:GetObject\",\"s3:PutObject\"],\"Effect\":\"Allow\",\"Resource\":[\"arn:aws:s3:::ev-fleet-silver-bd7fab51/*\"]}]}"
              }
            ],
            "managed_policy_arns": [],
            "max_session_duration": 3600,
            "name": "ev-fleet-lambda-role",
            "name_prefix": "",
            "path": "/",
            "permissions_boundary": "",
            "tags": {},
            "tags_all": {},
            "unique_id": "AROAS6KOJ6SHQJXGS2DDR"
          },
          "sensitive_attributes": [],
          "identity_schema_version": 0,
          "identity": {
            "account_id": "202564564111",
            "name": "ev-fleet-lambda-role"
          },
          "private": "eyJzY2hlbWFfdmVyc2lvbiI6IjAifQ=="
        }
      ]
    },
    {
      "module": "module.my_lakehouse",
      "mode": "managed",
      "type": "aws_s3_bucket",
      "name": "medallion_layers",
      "provider": "provider[\"registry.terraform.io/hashicorp/aws\"]",
      "instances": [
        {
          "index_key": "gold",
          "schema_version": 0,
          "attributes": {
            "acceleration_status": "",
            "acl": null,
            "arn": "arn:aws:s3:::ev-fleet-gold-bd7fab51",
            "bucket": "ev-fleet-gold-bd7fab51",
            "bucket_domain_name": "ev-fleet-gold-bd7fab51.s3.amazonaws.com",
            "bucket_prefix": "",
            "bucket_region": "eu-west-1",
            "bucket_regional_domain_name": "ev-fleet-gold-bd7fab51.s3.eu-west-1.amazonaws.com",
            "cors_rule": [],
            "force_destroy": false,
            "grant": [
              {
                "id": "1007f1bf267352614276f17ae4e2b4ca4db230b395c7f70ef6c112bc9e74ff65",
                "permissions": [
                  "FULL_CONTROL"
                ],
                "type": "CanonicalUser",
                "uri": ""
              }
            ],
            "hosted_zone_id": "Z1BKCTXD74EZPE",
            "id": "ev-fleet-gold-bd7fab51",
            "lifecycle_rule": [],
            "logging": [],
            "object_lock_configuration": [],
            "object_lock_enabled": false,
            "policy": "",
            "region": "eu-west-1",
            "replication_configuration": [],
            "request_payer": "BucketOwner",
            "server_side_encryption_configuration": [
              {
                "rule": [
                  {
                    "apply_server_side_encryption_by_default": [
                      {
                        "kms_master_key_id": "",
                        "sse_algorithm": "AES256"
                      }
                    ],
                    "bucket_key_enabled": false
                  }
                ]
              }
            ],
            "tags": {},
            "tags_all": {},
            "timeouts": null,
            "versioning": [
              {
                "enabled": false,
                "mfa_delete": false
              }
            ],
            "website": [],
            "website_domain": null,
            "website_endpoint": null
          },
          "sensitive_attributes": [],
          "identity_schema_version": 0,
          "identity": {
            "account_id": "202564564111",
            "bucket": "ev-fleet-gold-bd7fab51",
            "region": "eu-west-1"
          },
          "private": "eyJlMmJmYjczMC1lY2FhLTExZTYtOGY4OC0zNDM2M2JjN2M0YzAiOnsiY3JlYXRlIjoxMjAwMDAwMDAwMDAwLCJkZWxldGUiOjM2MDAwMDAwMDAwMDAsInJlYWQiOjEyMDAwMDAwMDAwMDAsInVwZGF0ZSI6MTIwMDAwMDAwMDAwMH19",
          "dependencies": [
            "module.my_lakehouse.random_id.suffix"
          ]
        }
      ]
    },
    {
      "module": "module.my_lakehouse",
      "mode": "managed",
      "type": "aws_sqs_queue",
      "name": "telemetry_queue",
      "provider": "provider[\"registry.terraform.io/hashicorp/aws\"]",
      "instances": [
        {
          "schema_version": 0,
          "attributes": {
            "arn": "arn:aws:sqs:eu-west-1:202564564111:ev-fleet-telemetry-queue",
            "content_based_deduplication": false,
            "deduplication_scope": "",
            "delay_seconds": 0,
            "fifo_queue": false,
            "fifo_throughput_limit": "",
            "id": "https://sqs.eu-west-1.amazonaws.com/202564564111/ev-fleet-telemetry-queue",
            "kms_data_key_reuse_period_seconds": 300,
            "kms_master_key_id": "",
            "max_message_size": 262144,
            "message_retention_seconds": 345600,
            "name": "ev-fleet-telemetry-queue",
            "name_prefix": "",
            "policy": "",
            "receive_wait_time_seconds": 0,
            "redrive_allow_policy": "",
            "redrive_policy": "",
            "region": "eu-west-1",
            "sqs_managed_sse_enabled": true,
            "tags": null,
            "tags_all": {},
            "timeouts": null,
            "url": "https://sqs.eu-west-1.amazonaws.com/202564564111/ev-fleet-telemetry-queue",
            "visibility_timeout_seconds": 30
          },
          "sensitive_attributes": [],
          "identity_schema_version": 1,
          "identity": {
            "url": "https://sqs.eu-west-1.amazonaws.com/202564564111/ev-fleet-telemetry-queue"
          },
          "private": "eyJlMmJmYjczMC1lY2FhLTExZTYtOGY4OC0zNDM2M2JjN2M0YzAiOnsiY3JlYXRlIjoxODAwMDAwMDAwMDAsImRlbGV0ZSI6MTgwMDAwMDAwMDAwLCJ1cGRhdGUiOjE4MDAwMDAwMDAwMH19"
        }
      ]
    },
    {
      "module": "module.my_lakehouse",
      "mode": "managed",
      "type": "random_id",
      "name": "suffix",
      "provider": "provider[\"registry.terraform.io/hashicorp/random\"]",
      "instances": [
        {
          "schema_version": 0,
          "attributes": {
            "b64_std": "vX+rUQ==",
            "b64_url": "vX-rUQ",
            "byte_length": 4,
            "dec": "3179260753",
            "hex": "bd7fab51",
            "id": "vX-rUQ",
            "keepers": null,
            "prefix": null
          },
          "sensitive_attributes": [],
          "identity_schema_version": 0
        }
      ]
    }
  ],
  "check_results": null
}
